// !$*UTF8*$!
{
	archiveVersion = 1;
	classes = {
	};
	objectVersion = 46;
	objects = {

/* Begin PBXBuildFile section */
		03097F6DE1FED7E63648200F /* Pods_jmbdeTests.framework in Frameworks */ = {isa = PBXBuildFile; fileRef = 94D0F38231EE5BFA5BEF24C6 /* Pods_jmbdeTests.framework */; };
		35AFB637C99186138B9CBAFF /* Pods_jmbde.framework in Frameworks */ = {isa = PBXBuildFile; fileRef = 673020E1414467DDBB7CFD43 /* Pods_jmbde.framework */; };
		380734741F2C70B00098A7B2 /* Model in Resources */ = {isa = PBXBuildFile; fileRef = 380734731F2C70B00098A7B2 /* Model */; };
		384A296B1F081E01006A5BA1 /* DatabaseController.swift in Sources */ = {isa = PBXBuildFile; fileRef = 384A296A1F081E01006A5BA1 /* DatabaseController.swift */; };
		386282091F2A660700B3E657 /* EmployeeTableViewController.storyboard in Resources */ = {isa = PBXBuildFile; fileRef = 386282071F2A660700B3E657 /* EmployeeTableViewController.storyboard */; };
		3862820C1F2A672400B3E657 /* EmployeeTableViewController.swift in Sources */ = {isa = PBXBuildFile; fileRef = 3862820B1F2A672400B3E657 /* EmployeeTableViewController.swift */; };
		3872836A1F1E93D200777AE8 /* OutlineItem.swift in Sources */ = {isa = PBXBuildFile; fileRef = 387283691F1E93D200777AE8 /* OutlineItem.swift */; };
		3872836C1F1EA7EF00777AE8 /* OutlineList.plist in Resources */ = {isa = PBXBuildFile; fileRef = 3872836B1F1EA7EF00777AE8 /* OutlineList.plist */; };
		388817441F234821005E708B /* Constants in Resources */ = {isa = PBXBuildFile; fileRef = 388817431F234821005E708B /* Constants */; };
		3890F1DF1F0D70CD00A95C66 /* jmbdeModel.xcdatamodeld in Sources */ = {isa = PBXBuildFile; fileRef = 3890F1DD1F0D70CD00A95C66 /* jmbdeModel.xcdatamodeld */; };
		389457C31F2DD81300818C8A /* EmployeeAddViewController.swift in Sources */ = {isa = PBXBuildFile; fileRef = 389457C21F2DD81300818C8A /* EmployeeAddViewController.swift */; };
		389C81E41F19490D00F11946 /* MasterViewController.swift in Sources */ = {isa = PBXBuildFile; fileRef = 389C81E31F19490D00F11946 /* MasterViewController.swift */; };
		389C81E71F1960F800F11946 /* Outline.swift in Sources */ = {isa = PBXBuildFile; fileRef = 389C81E61F1960F800F11946 /* Outline.swift */; };
		389C81EA1F196B7900F11946 /* SplitViewController.swift in Sources */ = {isa = PBXBuildFile; fileRef = 389C81E81F196B7900F11946 /* SplitViewController.swift */; };
		389C81EE1F196CF000F11946 /* DetailViewController.swift in Sources */ = {isa = PBXBuildFile; fileRef = 389C81EC1F196CF000F11946 /* DetailViewController.swift */; };
		38BFFB2E1F0788EC00DCEBB3 /* AppDelegate.swift in Sources */ = {isa = PBXBuildFile; fileRef = 38BFFB2D1F0788EC00DCEBB3 /* AppDelegate.swift */; };
		38BFFB351F0788EC00DCEBB3 /* Assets.xcassets in Resources */ = {isa = PBXBuildFile; fileRef = 38BFFB341F0788EC00DCEBB3 /* Assets.xcassets */; };
		38BFFB381F0788EC00DCEBB3 /* Main.storyboard in Resources */ = {isa = PBXBuildFile; fileRef = 38BFFB361F0788EC00DCEBB3 /* Main.storyboard */; };
		38BFFB431F0788EC00DCEBB3 /* jmbdeTests.swift in Sources */ = {isa = PBXBuildFile; fileRef = 38BFFB421F0788EC00DCEBB3 /* jmbdeTests.swift */; };
		38BFFB4E1F0788EC00DCEBB3 /* jmbdeUITests.swift in Sources */ = {isa = PBXBuildFile; fileRef = 38BFFB4D1F0788EC00DCEBB3 /* jmbdeUITests.swift */; };
		38CDAA6B1F2BDFF80075CA43 /* Employee.swift in Sources */ = {isa = PBXBuildFile; fileRef = 38CDAA6A1F2BDFF80075CA43 /* Employee.swift */; };
		6DBD037E311629921DCEA87A /* Pods_jmbdeUITests.framework in Frameworks */ = {isa = PBXBuildFile; fileRef = E5154C49007C9D61534939D8 /* Pods_jmbdeUITests.framework */; };
/* End PBXBuildFile section */

/* Begin PBXContainerItemProxy section */
		38BFFB3F1F0788EC00DCEBB3 /* PBXContainerItemProxy */ = {
			isa = PBXContainerItemProxy;
			containerPortal = 38BFFB221F0788EC00DCEBB3 /* Project object */;
			proxyType = 1;
			remoteGlobalIDString = 38BFFB291F0788EC00DCEBB3;
			remoteInfo = jmbde;
		};
		38BFFB4A1F0788EC00DCEBB3 /* PBXContainerItemProxy */ = {
			isa = PBXContainerItemProxy;
			containerPortal = 38BFFB221F0788EC00DCEBB3 /* Project object */;
			proxyType = 1;
			remoteGlobalIDString = 38BFFB291F0788EC00DCEBB3;
			remoteInfo = jmbde;
		};
/* End PBXContainerItemProxy section */

/* Begin PBXFileReference section */
		380734731F2C70B00098A7B2 /* Model */ = {isa = PBXFileReference; lastKnownFileType = folder; path = Model; sourceTree = "<group>"; };
		384A296A1F081E01006A5BA1 /* DatabaseController.swift */ = {isa = PBXFileReference; fileEncoding = 4; lastKnownFileType = sourcecode.swift; path = DatabaseController.swift; sourceTree = "<group>"; };
		386282081F2A660700B3E657 /* Base */ = {isa = PBXFileReference; lastKnownFileType = file.storyboard; name = Base; path = Base.lproj/EmployeeTableViewController.storyboard; sourceTree = "<group>"; };
		3862820B1F2A672400B3E657 /* EmployeeTableViewController.swift */ = {isa = PBXFileReference; fileEncoding = 4; lastKnownFileType = sourcecode.swift; name = EmployeeTableViewController.swift; path = Employee/EmployeeTableViewController.swift; sourceTree = "<group>"; };
		387283691F1E93D200777AE8 /* OutlineItem.swift */ = {isa = PBXFileReference; fileEncoding = 4; lastKnownFileType = sourcecode.swift; path = OutlineItem.swift; sourceTree = "<group>"; };
		3872836B1F1EA7EF00777AE8 /* OutlineList.plist */ = {isa = PBXFileReference; fileEncoding = 4; lastKnownFileType = text.plist.xml; path = OutlineList.plist; sourceTree = "<group>"; };
		388817431F234821005E708B /* Constants */ = {isa = PBXFileReference; lastKnownFileType = folder; path = Constants; sourceTree = "<group>"; };
		3890F1DE1F0D70CD00A95C66 /* jmbdeModel.xcdatamodel */ = {isa = PBXFileReference; lastKnownFileType = wrapper.xcdatamodel; path = jmbdeModel.xcdatamodel; sourceTree = "<group>"; };
		389457C21F2DD81300818C8A /* EmployeeAddViewController.swift */ = {isa = PBXFileReference; fileEncoding = 4; lastKnownFileType = sourcecode.swift; name = EmployeeAddViewController.swift; path = Employee/EmployeeAddViewController.swift; sourceTree = "<group>"; };
		389C81E31F19490D00F11946 /* MasterViewController.swift */ = {isa = PBXFileReference; fileEncoding = 4; lastKnownFileType = sourcecode.swift; path = MasterViewController.swift; sourceTree = "<group>"; };
		389C81E61F1960F800F11946 /* Outline.swift */ = {isa = PBXFileReference; fileEncoding = 4; lastKnownFileType = sourcecode.swift; path = Outline.swift; sourceTree = "<group>"; };
		389C81E81F196B7900F11946 /* SplitViewController.swift */ = {isa = PBXFileReference; fileEncoding = 4; lastKnownFileType = sourcecode.swift; path = SplitViewController.swift; sourceTree = "<group>"; };
		389C81EC1F196CF000F11946 /* DetailViewController.swift */ = {isa = PBXFileReference; fileEncoding = 4; lastKnownFileType = sourcecode.swift; path = DetailViewController.swift; sourceTree = "<group>"; };
		38BFFB2A1F0788EC00DCEBB3 /* jmbde.app */ = {isa = PBXFileReference; explicitFileType = wrapper.application; includeInIndex = 0; path = jmbde.app; sourceTree = BUILT_PRODUCTS_DIR; };
		38BFFB2D1F0788EC00DCEBB3 /* AppDelegate.swift */ = {isa = PBXFileReference; lastKnownFileType = sourcecode.swift; path = AppDelegate.swift; sourceTree = "<group>"; };
		38BFFB341F0788EC00DCEBB3 /* Assets.xcassets */ = {isa = PBXFileReference; lastKnownFileType = folder.assetcatalog; path = Assets.xcassets; sourceTree = "<group>"; };
		38BFFB371F0788EC00DCEBB3 /* Base */ = {isa = PBXFileReference; lastKnownFileType = file.storyboard; name = Base; path = Base.lproj/Main.storyboard; sourceTree = "<group>"; };
		38BFFB391F0788EC00DCEBB3 /* Info.plist */ = {isa = PBXFileReference; lastKnownFileType = text.plist.xml; path = Info.plist; sourceTree = "<group>"; };
		38BFFB3E1F0788EC00DCEBB3 /* jmbdeTests.xctest */ = {isa = PBXFileReference; explicitFileType = wrapper.cfbundle; includeInIndex = 0; path = jmbdeTests.xctest; sourceTree = BUILT_PRODUCTS_DIR; };
		38BFFB421F0788EC00DCEBB3 /* jmbdeTests.swift */ = {isa = PBXFileReference; lastKnownFileType = sourcecode.swift; path = jmbdeTests.swift; sourceTree = "<group>"; };
		38BFFB441F0788EC00DCEBB3 /* Info.plist */ = {isa = PBXFileReference; lastKnownFileType = text.plist.xml; path = Info.plist; sourceTree = "<group>"; };
		38BFFB491F0788EC00DCEBB3 /* jmbdeUITests.xctest */ = {isa = PBXFileReference; explicitFileType = wrapper.cfbundle; includeInIndex = 0; path = jmbdeUITests.xctest; sourceTree = BUILT_PRODUCTS_DIR; };
		38BFFB4D1F0788EC00DCEBB3 /* jmbdeUITests.swift */ = {isa = PBXFileReference; lastKnownFileType = sourcecode.swift; path = jmbdeUITests.swift; sourceTree = "<group>"; };
		38BFFB4F1F0788EC00DCEBB3 /* Info.plist */ = {isa = PBXFileReference; lastKnownFileType = text.plist.xml; path = Info.plist; sourceTree = "<group>"; };
		38CDAA6A1F2BDFF80075CA43 /* Employee.swift */ = {isa = PBXFileReference; fileEncoding = 4; lastKnownFileType = sourcecode.swift; name = Employee.swift; path = Employee/Employee.swift; sourceTree = "<group>"; };
		3A568A6D2C8DBC1738DAA6CE /* Pods-jmbdeUITests.release.xcconfig */ = {isa = PBXFileReference; includeInIndex = 1; lastKnownFileType = text.xcconfig; name = "Pods-jmbdeUITests.release.xcconfig"; path = "Pods/Target Support Files/Pods-jmbdeUITests/Pods-jmbdeUITests.release.xcconfig"; sourceTree = "<group>"; };
		553B99D22CB83EF158FAC189 /* Pods-jmbdeTests.release.xcconfig */ = {isa = PBXFileReference; includeInIndex = 1; lastKnownFileType = text.xcconfig; name = "Pods-jmbdeTests.release.xcconfig"; path = "Pods/Target Support Files/Pods-jmbdeTests/Pods-jmbdeTests.release.xcconfig"; sourceTree = "<group>"; };
		673020E1414467DDBB7CFD43 /* Pods_jmbde.framework */ = {isa = PBXFileReference; explicitFileType = wrapper.framework; includeInIndex = 0; path = Pods_jmbde.framework; sourceTree = BUILT_PRODUCTS_DIR; };
		93C925FC409E2AC2EF015C2C /* Pods-jmbde.release.xcconfig */ = {isa = PBXFileReference; includeInIndex = 1; lastKnownFileType = text.xcconfig; name = "Pods-jmbde.release.xcconfig"; path = "Pods/Target Support Files/Pods-jmbde/Pods-jmbde.release.xcconfig"; sourceTree = "<group>"; };
		94D0F38231EE5BFA5BEF24C6 /* Pods_jmbdeTests.framework */ = {isa = PBXFileReference; explicitFileType = wrapper.framework; includeInIndex = 0; path = Pods_jmbdeTests.framework; sourceTree = BUILT_PRODUCTS_DIR; };
		98E3AEE571DDD38CCA7118DA /* Pods-jmbdeTests.debug.xcconfig */ = {isa = PBXFileReference; includeInIndex = 1; lastKnownFileType = text.xcconfig; name = "Pods-jmbdeTests.debug.xcconfig"; path = "Pods/Target Support Files/Pods-jmbdeTests/Pods-jmbdeTests.debug.xcconfig"; sourceTree = "<group>"; };
		A56903DBBDC97E0D3426EE44 /* Pods-jmbdeUITests.debug.xcconfig */ = {isa = PBXFileReference; includeInIndex = 1; lastKnownFileType = text.xcconfig; name = "Pods-jmbdeUITests.debug.xcconfig"; path = "Pods/Target Support Files/Pods-jmbdeUITests/Pods-jmbdeUITests.debug.xcconfig"; sourceTree = "<group>"; };
		DF90EFA783235C299BF549D6 /* Pods-jmbde.debug.xcconfig */ = {isa = PBXFileReference; includeInIndex = 1; lastKnownFileType = text.xcconfig; name = "Pods-jmbde.debug.xcconfig"; path = "Pods/Target Support Files/Pods-jmbde/Pods-jmbde.debug.xcconfig"; sourceTree = "<group>"; };
		E5154C49007C9D61534939D8 /* Pods_jmbdeUITests.framework */ = {isa = PBXFileReference; explicitFileType = wrapper.framework; includeInIndex = 0; path = Pods_jmbdeUITests.framework; sourceTree = BUILT_PRODUCTS_DIR; };
/* End PBXFileReference section */

/* Begin PBXFrameworksBuildPhase section */
		38BFFB271F0788EC00DCEBB3 /* Frameworks */ = {
			isa = PBXFrameworksBuildPhase;
			buildActionMask = 2147483647;
			files = (
				35AFB637C99186138B9CBAFF /* Pods_jmbde.framework in Frameworks */,
			);
			runOnlyForDeploymentPostprocessing = 0;
		};
		38BFFB3B1F0788EC00DCEBB3 /* Frameworks */ = {
			isa = PBXFrameworksBuildPhase;
			buildActionMask = 2147483647;
			files = (
				03097F6DE1FED7E63648200F /* Pods_jmbdeTests.framework in Frameworks */,
			);
			runOnlyForDeploymentPostprocessing = 0;
		};
		38BFFB461F0788EC00DCEBB3 /* Frameworks */ = {
			isa = PBXFrameworksBuildPhase;
			buildActionMask = 2147483647;
			files = (
				6DBD037E311629921DCEA87A /* Pods_jmbdeUITests.framework in Frameworks */,
			);
			runOnlyForDeploymentPostprocessing = 0;
		};
/* End PBXFrameworksBuildPhase section */

/* Begin PBXGroup section */
		3862820A1F2A663000B3E657 /* Employee */ = {
			isa = PBXGroup;
			children = (
				38CDAA6A1F2BDFF80075CA43 /* Employee.swift */,
				3862820B1F2A672400B3E657 /* EmployeeTableViewController.swift */,
				386282071F2A660700B3E657 /* EmployeeTableViewController.storyboard */,
				389457C21F2DD81300818C8A /* EmployeeAddViewController.swift */,
			);
			name = Employee;
			sourceTree = "<group>";
		};
		389C81E51F194A0E00F11946 /* Application */ = {
			isa = PBXGroup;
			children = (
				389C81E31F19490D00F11946 /* MasterViewController.swift */,
				389C81E81F196B7900F11946 /* SplitViewController.swift */,
				389C81EC1F196CF000F11946 /* DetailViewController.swift */,
			);
			name = Application;
			sourceTree = "<group>";
		};
		38BFFB211F0788EC00DCEBB3 = {
			isa = PBXGroup;
			children = (
				38BFFB2C1F0788EC00DCEBB3 /* jmbde */,
				38BFFB4C1F0788EC00DCEBB3 /* jmbdeUITests */,
				38BFFB2B1F0788EC00DCEBB3 /* Products */,
				CD7298AFFDBAA5162C415A08 /* Pods */,
				F8818A9A934EE4FF66904811 /* Frameworks */,
			);
			sourceTree = "<group>";
		};
		38BFFB2B1F0788EC00DCEBB3 /* Products */ = {
			isa = PBXGroup;
			children = (
				38BFFB2A1F0788EC00DCEBB3 /* jmbde.app */,
				38BFFB3E1F0788EC00DCEBB3 /* jmbdeTests.xctest */,
				38BFFB491F0788EC00DCEBB3 /* jmbdeUITests.xctest */,
			);
			name = Products;
			sourceTree = "<group>";
		};
		38BFFB2C1F0788EC00DCEBB3 /* jmbde */ = {
			isa = PBXGroup;
			children = (
				380734731F2C70B00098A7B2 /* Model */,
				388817431F234821005E708B /* Constants */,
				389C81E51F194A0E00F11946 /* Application */,
				38BFFB2D1F0788EC00DCEBB3 /* AppDelegate.swift */,
				384A296A1F081E01006A5BA1 /* DatabaseController.swift */,
				38BFFB341F0788EC00DCEBB3 /* Assets.xcassets */,
				38BFFB361F0788EC00DCEBB3 /* Main.storyboard */,
				38BFFB391F0788EC00DCEBB3 /* Info.plist */,
				3862820A1F2A663000B3E657 /* Employee */,
				38BFFB411F0788EC00DCEBB3 /* jmbdeTests */,
				3872836B1F1EA7EF00777AE8 /* OutlineList.plist */,
				3890F1DD1F0D70CD00A95C66 /* jmbdeModel.xcdatamodeld */,
				38EF84891F24E7F800D0A195 /* Tree Support */,
			);
			path = jmbde;
			sourceTree = "<group>";
		};
		38BFFB411F0788EC00DCEBB3 /* jmbdeTests */ = {
			isa = PBXGroup;
			children = (
				38BFFB421F0788EC00DCEBB3 /* jmbdeTests.swift */,
				38BFFB441F0788EC00DCEBB3 /* Info.plist */,
			);
			path = jmbdeTests;
			sourceTree = SOURCE_ROOT;
		};
		38BFFB4C1F0788EC00DCEBB3 /* jmbdeUITests */ = {
			isa = PBXGroup;
			children = (
				38BFFB4D1F0788EC00DCEBB3 /* jmbdeUITests.swift */,
				38BFFB4F1F0788EC00DCEBB3 /* Info.plist */,
			);
			path = jmbdeUITests;
			sourceTree = "<group>";
		};
		38EF84891F24E7F800D0A195 /* Tree Support */ = {
			isa = PBXGroup;
			children = (
				389C81E61F1960F800F11946 /* Outline.swift */,
				387283691F1E93D200777AE8 /* OutlineItem.swift */,
			);
			name = "Tree Support";
			sourceTree = "<group>";
		};
		CD7298AFFDBAA5162C415A08 /* Pods */ = {
			isa = PBXGroup;
			children = (
				DF90EFA783235C299BF549D6 /* Pods-jmbde.debug.xcconfig */,
				93C925FC409E2AC2EF015C2C /* Pods-jmbde.release.xcconfig */,
				98E3AEE571DDD38CCA7118DA /* Pods-jmbdeTests.debug.xcconfig */,
				553B99D22CB83EF158FAC189 /* Pods-jmbdeTests.release.xcconfig */,
				A56903DBBDC97E0D3426EE44 /* Pods-jmbdeUITests.debug.xcconfig */,
				3A568A6D2C8DBC1738DAA6CE /* Pods-jmbdeUITests.release.xcconfig */,
			);
			name = Pods;
			sourceTree = "<group>";
		};
		F8818A9A934EE4FF66904811 /* Frameworks */ = {
			isa = PBXGroup;
			children = (
				673020E1414467DDBB7CFD43 /* Pods_jmbde.framework */,
				94D0F38231EE5BFA5BEF24C6 /* Pods_jmbdeTests.framework */,
				E5154C49007C9D61534939D8 /* Pods_jmbdeUITests.framework */,
			);
			name = Frameworks;
			sourceTree = "<group>";
		};
/* End PBXGroup section */

/* Begin PBXNativeTarget section */
		38BFFB291F0788EC00DCEBB3 /* jmbde */ = {
			isa = PBXNativeTarget;
			buildConfigurationList = 38BFFB521F0788EC00DCEBB3 /* Build configuration list for PBXNativeTarget "jmbde" */;
			buildPhases = (
				D4735E79044FB7C58E7946D5 /* [CP] Check Pods Manifest.lock */,
				38BFFB261F0788EC00DCEBB3 /* Sources */,
				38BFFB271F0788EC00DCEBB3 /* Frameworks */,
				38BFFB281F0788EC00DCEBB3 /* Resources */,
				0A86BB9DF13F125C936A5381 /* [CP] Embed Pods Frameworks */,
				C18233CB3150AACCC3F2325C /* [CP] Copy Pods Resources */,
				388817421F2345A8005E708B /* Run SwiftGen Script */,
				3835B64B1F35A33100A49622 /* Run Natalie Script */,
			);
			buildRules = (
			);
			dependencies = (
			);
			name = jmbde;
			productName = jmbde;
			productReference = 38BFFB2A1F0788EC00DCEBB3 /* jmbde.app */;
			productType = "com.apple.product-type.application";
		};
		38BFFB3D1F0788EC00DCEBB3 /* jmbdeTests */ = {
			isa = PBXNativeTarget;
			buildConfigurationList = 38BFFB551F0788EC00DCEBB3 /* Build configuration list for PBXNativeTarget "jmbdeTests" */;
			buildPhases = (
				EC5F560334ED164BE599B861 /* [CP] Check Pods Manifest.lock */,
				38BFFB3A1F0788EC00DCEBB3 /* Sources */,
				38BFFB3B1F0788EC00DCEBB3 /* Frameworks */,
				38BFFB3C1F0788EC00DCEBB3 /* Resources */,
				5879D5196F0F6BBCBD191A4D /* [CP] Embed Pods Frameworks */,
				D622A5AED7F70DABF29D9693 /* [CP] Copy Pods Resources */,
			);
			buildRules = (
			);
			dependencies = (
				38BFFB401F0788EC00DCEBB3 /* PBXTargetDependency */,
			);
			name = jmbdeTests;
			productName = jmbdeTests;
			productReference = 38BFFB3E1F0788EC00DCEBB3 /* jmbdeTests.xctest */;
			productType = "com.apple.product-type.bundle.unit-test";
		};
		38BFFB481F0788EC00DCEBB3 /* jmbdeUITests */ = {
			isa = PBXNativeTarget;
			buildConfigurationList = 38BFFB581F0788EC00DCEBB3 /* Build configuration list for PBXNativeTarget "jmbdeUITests" */;
			buildPhases = (
				C524CFF793B976C08128DFCD /* [CP] Check Pods Manifest.lock */,
				38BFFB451F0788EC00DCEBB3 /* Sources */,
				38BFFB461F0788EC00DCEBB3 /* Frameworks */,
				38BFFB471F0788EC00DCEBB3 /* Resources */,
				673347723633230F8732620F /* [CP] Embed Pods Frameworks */,
				94BBF4348BF8752079EDCAC1 /* [CP] Copy Pods Resources */,
			);
			buildRules = (
			);
			dependencies = (
				38BFFB4B1F0788EC00DCEBB3 /* PBXTargetDependency */,
			);
			name = jmbdeUITests;
			productName = jmbdeUITests;
			productReference = 38BFFB491F0788EC00DCEBB3 /* jmbdeUITests.xctest */;
			productType = "com.apple.product-type.bundle.ui-testing";
		};
/* End PBXNativeTarget section */

/* Begin PBXProject section */
		38BFFB221F0788EC00DCEBB3 /* Project object */ = {
			isa = PBXProject;
			attributes = {
				LastSwiftUpdateCheck = 0830;
				LastUpgradeCheck = 0830;
				ORGANIZATIONNAME = "Jürgen Mülbert";
				TargetAttributes = {
					38BFFB291F0788EC00DCEBB3 = {
						CreatedOnToolsVersion = 8.3.3;
						ProvisioningStyle = Automatic;
					};
					38BFFB3D1F0788EC00DCEBB3 = {
						CreatedOnToolsVersion = 8.3.3;
						ProvisioningStyle = Automatic;
						TestTargetID = 38BFFB291F0788EC00DCEBB3;
					};
					38BFFB481F0788EC00DCEBB3 = {
						CreatedOnToolsVersion = 8.3.3;
						ProvisioningStyle = Automatic;
						TestTargetID = 38BFFB291F0788EC00DCEBB3;
					};
				};
			};
			buildConfigurationList = 38BFFB251F0788EC00DCEBB3 /* Build configuration list for PBXProject "jmbde" */;
			compatibilityVersion = "Xcode 3.2";
			developmentRegion = English;
			hasScannedForEncodings = 0;
			knownRegions = (
				en,
				Base,
			);
			mainGroup = 38BFFB211F0788EC00DCEBB3;
			productRefGroup = 38BFFB2B1F0788EC00DCEBB3 /* Products */;
			projectDirPath = "";
			projectRoot = "";
			targets = (
				38BFFB291F0788EC00DCEBB3 /* jmbde */,
				38BFFB3D1F0788EC00DCEBB3 /* jmbdeTests */,
				38BFFB481F0788EC00DCEBB3 /* jmbdeUITests */,
			);
		};
/* End PBXProject section */

/* Begin PBXResourcesBuildPhase section */
		38BFFB281F0788EC00DCEBB3 /* Resources */ = {
			isa = PBXResourcesBuildPhase;
			buildActionMask = 2147483647;
			files = (
				380734741F2C70B00098A7B2 /* Model in Resources */,
				38BFFB351F0788EC00DCEBB3 /* Assets.xcassets in Resources */,
				38BFFB381F0788EC00DCEBB3 /* Main.storyboard in Resources */,
				388817441F234821005E708B /* Constants in Resources */,
				3872836C1F1EA7EF00777AE8 /* OutlineList.plist in Resources */,
				386282091F2A660700B3E657 /* EmployeeTableViewController.storyboard in Resources */,
			);
			runOnlyForDeploymentPostprocessing = 0;
		};
		38BFFB3C1F0788EC00DCEBB3 /* Resources */ = {
			isa = PBXResourcesBuildPhase;
			buildActionMask = 2147483647;
			files = (
			);
			runOnlyForDeploymentPostprocessing = 0;
		};
		38BFFB471F0788EC00DCEBB3 /* Resources */ = {
			isa = PBXResourcesBuildPhase;
			buildActionMask = 2147483647;
			files = (
			);
			runOnlyForDeploymentPostprocessing = 0;
		};
/* End PBXResourcesBuildPhase section */

/* Begin PBXShellScriptBuildPhase section */
		0A86BB9DF13F125C936A5381 /* [CP] Embed Pods Frameworks */ = {
			isa = PBXShellScriptBuildPhase;
			buildActionMask = 2147483647;
			files = (
			);
			inputPaths = (
			);
			name = "[CP] Embed Pods Frameworks";
			outputPaths = (
			);
			runOnlyForDeploymentPostprocessing = 0;
			shellPath = /bin/sh;
			shellScript = "\"${SRCROOT}/Pods/Target Support Files/Pods-jmbde/Pods-jmbde-frameworks.sh\"\n";
			showEnvVarsInLog = 0;
		};
		3835B64B1F35A33100A49622 /* Run Natalie Script */ = {
			isa = PBXShellScriptBuildPhase;
			buildActionMask = 2147483647;
			files = (
			);
			inputPaths = (
			);
			name = "Run Natalie Script";
			outputPaths = (
			);
			runOnlyForDeploymentPostprocessing = 0;
			shellPath = /bin/sh;
			shellScript = "echo \"Natalie Generator: Determining if generated Swift file is up-to-date.\"\n\n# Adjust path to \"natalie\" binary\n# NATALIE_PATH=\"$PROJECT_DIR/natalie\"\nNATALIE_PATH=\"/usr/local/bin/natalie\"\n\nif [ -f $NATALIE_PATH ]; then\nBASE_PATH=\"$PROJECT_DIR/$PROJECT_NAME\"\nOUTPUT_PATH=\"$BASE_PATH//Constants/N_Storyboards.swift\"\n\nif [ ! -e \"$OUTPUT_PATH\" ] || [ -n \"$(find \"$BASE_PATH\" -type f -name \"*.storyboard\" -newer \"$OUTPUT_PATH\" -print -quit)\" ]; then\necho \"Natalie Generator: Generated Swift is out-of-date; re-generating...\"\n\n/usr/bin/chflags nouchg \"$OUTPUT_PATH\"\n\"$NATALIE_PATH\" \"$BASE_PATH\" > \"$OUTPUT_PATH\"\n/usr/bin/chflags uchg \"$OUTPUT_PATH\"\n\necho \"Natalie Generator: Done.\"\nelse\necho \"Natalie Generator: Generated Swift is up-to-date; skipping re-generation.\"\nfi\nfi";
		};
		388817421F2345A8005E708B /* Run SwiftGen Script */ = {
			isa = PBXShellScriptBuildPhase;
			buildActionMask = 2147483647;
			files = (
			);
			inputPaths = (
			);
			name = "Run SwiftGen Script";
			outputPaths = (
			);
			runOnlyForDeploymentPostprocessing = 0;
			shellPath = /bin/sh;
			shellScript = "if which swiftgen >/dev/null; then\nswiftgen storyboards -t osx-swift3 \"$PROJECT_DIR\" --output \"$PROJECT_DIR/jmbde/Constants/SWG_Storyboards.swift\"\nswiftgen images \"$PROJECT_DIR/jmbde/Assets.xcassets\" --output \"$PROJECT_DIR/jmbde/Constants/Images.swift\"\nelse\necho \"warning: SwiftGen not installed, download it from https://github.com/AliSoftware/SwiftGen\"\nfi\n";
		};
		5879D5196F0F6BBCBD191A4D /* [CP] Embed Pods Frameworks */ = {
			isa = PBXShellScriptBuildPhase;
			buildActionMask = 2147483647;
			files = (
			);
			inputPaths = (
			);
			name = "[CP] Embed Pods Frameworks";
			outputPaths = (
			);
			runOnlyForDeploymentPostprocessing = 0;
			shellPath = /bin/sh;
			shellScript = "\"${SRCROOT}/Pods/Target Support Files/Pods-jmbdeTests/Pods-jmbdeTests-frameworks.sh\"\n";
			showEnvVarsInLog = 0;
		};
		673347723633230F8732620F /* [CP] Embed Pods Frameworks */ = {
			isa = PBXShellScriptBuildPhase;
			buildActionMask = 2147483647;
			files = (
			);
			inputPaths = (
			);
			name = "[CP] Embed Pods Frameworks";
			outputPaths = (
			);
			runOnlyForDeploymentPostprocessing = 0;
			shellPath = /bin/sh;
			shellScript = "\"${SRCROOT}/Pods/Target Support Files/Pods-jmbdeUITests/Pods-jmbdeUITests-frameworks.sh\"\n";
			showEnvVarsInLog = 0;
		};
		94BBF4348BF8752079EDCAC1 /* [CP] Copy Pods Resources */ = {
			isa = PBXShellScriptBuildPhase;
			buildActionMask = 2147483647;
			files = (
			);
			inputPaths = (
			);
			name = "[CP] Copy Pods Resources";
			outputPaths = (
			);
			runOnlyForDeploymentPostprocessing = 0;
			shellPath = /bin/sh;
			shellScript = "\"${SRCROOT}/Pods/Target Support Files/Pods-jmbdeUITests/Pods-jmbdeUITests-resources.sh\"\n";
			showEnvVarsInLog = 0;
		};
		C18233CB3150AACCC3F2325C /* [CP] Copy Pods Resources */ = {
			isa = PBXShellScriptBuildPhase;
			buildActionMask = 2147483647;
			files = (
			);
			inputPaths = (
			);
			name = "[CP] Copy Pods Resources";
			outputPaths = (
			);
			runOnlyForDeploymentPostprocessing = 0;
			shellPath = /bin/sh;
			shellScript = "\"${SRCROOT}/Pods/Target Support Files/Pods-jmbde/Pods-jmbde-resources.sh\"\n";
			showEnvVarsInLog = 0;
		};
		C524CFF793B976C08128DFCD /* [CP] Check Pods Manifest.lock */ = {
			isa = PBXShellScriptBuildPhase;
			buildActionMask = 2147483647;
			files = (
			);
			inputPaths = (
			);
			name = "[CP] Check Pods Manifest.lock";
			outputPaths = (
			);
			runOnlyForDeploymentPostprocessing = 0;
			shellPath = /bin/sh;
			shellScript = "diff \"${PODS_PODFILE_DIR_PATH}/Podfile.lock\" \"${PODS_ROOT}/Manifest.lock\" > /dev/null\nif [ $? != 0 ] ; then\n    # print error to STDERR\n    echo \"error: The sandbox is not in sync with the Podfile.lock. Run 'pod install' or update your CocoaPods installation.\" >&2\n    exit 1\nfi\n";
			showEnvVarsInLog = 0;
		};
		D4735E79044FB7C58E7946D5 /* [CP] Check Pods Manifest.lock */ = {
			isa = PBXShellScriptBuildPhase;
			buildActionMask = 2147483647;
			files = (
			);
			inputPaths = (
			);
			name = "[CP] Check Pods Manifest.lock";
			outputPaths = (
			);
			runOnlyForDeploymentPostprocessing = 0;
			shellPath = /bin/sh;
			shellScript = "diff \"${PODS_PODFILE_DIR_PATH}/Podfile.lock\" \"${PODS_ROOT}/Manifest.lock\" > /dev/null\nif [ $? != 0 ] ; then\n    # print error to STDERR\n    echo \"error: The sandbox is not in sync with the Podfile.lock. Run 'pod install' or update your CocoaPods installation.\" >&2\n    exit 1\nfi\n";
			showEnvVarsInLog = 0;
		};
		D622A5AED7F70DABF29D9693 /* [CP] Copy Pods Resources */ = {
			isa = PBXShellScriptBuildPhase;
			buildActionMask = 2147483647;
			files = (
			);
			inputPaths = (
			);
			name = "[CP] Copy Pods Resources";
			outputPaths = (
			);
			runOnlyForDeploymentPostprocessing = 0;
			shellPath = /bin/sh;
			shellScript = "\"${SRCROOT}/Pods/Target Support Files/Pods-jmbdeTests/Pods-jmbdeTests-resources.sh\"\n";
			showEnvVarsInLog = 0;
		};
		EC5F560334ED164BE599B861 /* [CP] Check Pods Manifest.lock */ = {
			isa = PBXShellScriptBuildPhase;
			buildActionMask = 2147483647;
			files = (
			);
			inputPaths = (
			);
			name = "[CP] Check Pods Manifest.lock";
			outputPaths = (
			);
			runOnlyForDeploymentPostprocessing = 0;
			shellPath = /bin/sh;
			shellScript = "diff \"${PODS_PODFILE_DIR_PATH}/Podfile.lock\" \"${PODS_ROOT}/Manifest.lock\" > /dev/null\nif [ $? != 0 ] ; then\n    # print error to STDERR\n    echo \"error: The sandbox is not in sync with the Podfile.lock. Run 'pod install' or update your CocoaPods installation.\" >&2\n    exit 1\nfi\n";
			showEnvVarsInLog = 0;
		};
/* End PBXShellScriptBuildPhase section */

/* Begin PBXSourcesBuildPhase section */
		38BFFB261F0788EC00DCEBB3 /* Sources */ = {
			isa = PBXSourcesBuildPhase;
			buildActionMask = 2147483647;
			files = (
				389C81EA1F196B7900F11946 /* SplitViewController.swift in Sources */,
				38BFFB2E1F0788EC00DCEBB3 /* AppDelegate.swift in Sources */,
				389C81E71F1960F800F11946 /* Outline.swift in Sources */,
				38CDAA6B1F2BDFF80075CA43 /* Employee.swift in Sources */,
				3872836A1F1E93D200777AE8 /* OutlineItem.swift in Sources */,
				389457C31F2DD81300818C8A /* EmployeeAddViewController.swift in Sources */,
				384A296B1F081E01006A5BA1 /* DatabaseController.swift in Sources */,
				389C81EE1F196CF000F11946 /* DetailViewController.swift in Sources */,
				3862820C1F2A672400B3E657 /* EmployeeTableViewController.swift in Sources */,
				3890F1DF1F0D70CD00A95C66 /* jmbdeModel.xcdatamodeld in Sources */,
				389C81E41F19490D00F11946 /* MasterViewController.swift in Sources */,
			);
			runOnlyForDeploymentPostprocessing = 0;
		};
		38BFFB3A1F0788EC00DCEBB3 /* Sources */ = {
			isa = PBXSourcesBuildPhase;
			buildActionMask = 2147483647;
			files = (
				38BFFB431F0788EC00DCEBB3 /* jmbdeTests.swift in Sources */,
			);
			runOnlyForDeploymentPostprocessing = 0;
		};
		38BFFB451F0788EC00DCEBB3 /* Sources */ = {
			isa = PBXSourcesBuildPhase;
			buildActionMask = 2147483647;
			files = (
				38BFFB4E1F0788EC00DCEBB3 /* jmbdeUITests.swift in Sources */,
			);
			runOnlyForDeploymentPostprocessing = 0;
		};
/* End PBXSourcesBuildPhase section */

/* Begin PBXTargetDependency section */
		38BFFB401F0788EC00DCEBB3 /* PBXTargetDependency */ = {
			isa = PBXTargetDependency;
			target = 38BFFB291F0788EC00DCEBB3 /* jmbde */;
			targetProxy = 38BFFB3F1F0788EC00DCEBB3 /* PBXContainerItemProxy */;
		};
		38BFFB4B1F0788EC00DCEBB3 /* PBXTargetDependency */ = {
			isa = PBXTargetDependency;
			target = 38BFFB291F0788EC00DCEBB3 /* jmbde */;
			targetProxy = 38BFFB4A1F0788EC00DCEBB3 /* PBXContainerItemProxy */;
		};
/* End PBXTargetDependency section */

/* Begin PBXVariantGroup section */
		386282071F2A660700B3E657 /* EmployeeTableViewController.storyboard */ = {
			isa = PBXVariantGroup;
			children = (
				386282081F2A660700B3E657 /* Base */,
			);
			name = EmployeeTableViewController.storyboard;
			sourceTree = "<group>";
		};
		38BFFB361F0788EC00DCEBB3 /* Main.storyboard */ = {
			isa = PBXVariantGroup;
			children = (
				38BFFB371F0788EC00DCEBB3 /* Base */,
			);
			name = Main.storyboard;
			sourceTree = "<group>";
		};
/* End PBXVariantGroup section */

/* Begin XCBuildConfiguration section */
		38BFFB501F0788EC00DCEBB3 /* Debug */ = {
			isa = XCBuildConfiguration;
			buildSettings = {
				ALWAYS_SEARCH_USER_PATHS = NO;
				CLANG_ANALYZER_NONNULL = YES;
				CLANG_ANALYZER_NUMBER_OBJECT_CONVERSION = YES_AGGRESSIVE;
				CLANG_CXX_LANGUAGE_STANDARD = "gnu++0x";
				CLANG_CXX_LIBRARY = "libc++";
				CLANG_ENABLE_MODULES = YES;
				CLANG_ENABLE_OBJC_ARC = YES;
				CLANG_WARN_BOOL_CONVERSION = YES;
				CLANG_WARN_CONSTANT_CONVERSION = YES;
				CLANG_WARN_DIRECT_OBJC_ISA_USAGE = YES_ERROR;
				CLANG_WARN_DOCUMENTATION_COMMENTS = YES;
				CLANG_WARN_EMPTY_BODY = YES;
				CLANG_WARN_ENUM_CONVERSION = YES;
				CLANG_WARN_INFINITE_RECURSION = YES;
				CLANG_WARN_INT_CONVERSION = YES;
				CLANG_WARN_OBJC_ROOT_CLASS = YES_ERROR;
				CLANG_WARN_SUSPICIOUS_MOVE = YES;
				CLANG_WARN_UNREACHABLE_CODE = YES;
				CLANG_WARN__DUPLICATE_METHOD_MATCH = YES;
				CODE_SIGN_IDENTITY = "-";
				COPY_PHASE_STRIP = NO;
				DEBUG_INFORMATION_FORMAT = dwarf;
				ENABLE_STRICT_OBJC_MSGSEND = YES;
				ENABLE_TESTABILITY = YES;
				GCC_C_LANGUAGE_STANDARD = gnu99;
				GCC_DYNAMIC_NO_PIC = NO;
				GCC_NO_COMMON_BLOCKS = YES;
				GCC_OPTIMIZATION_LEVEL = 0;
				GCC_PREPROCESSOR_DEFINITIONS = (
					"DEBUG=1",
					"$(inherited)",
				);
				GCC_WARN_64_TO_32_BIT_CONVERSION = YES;
				GCC_WARN_ABOUT_RETURN_TYPE = YES_ERROR;
				GCC_WARN_UNDECLARED_SELECTOR = YES;
				GCC_WARN_UNINITIALIZED_AUTOS = YES_AGGRESSIVE;
				GCC_WARN_UNUSED_FUNCTION = YES;
				GCC_WARN_UNUSED_VARIABLE = YES;
				MACOSX_DEPLOYMENT_TARGET = 10.12;
				MTL_ENABLE_DEBUG_INFO = YES;
				ONLY_ACTIVE_ARCH = YES;
				SDKROOT = macosx;
				SWIFT_ACTIVE_COMPILATION_CONDITIONS = DEBUG;
				SWIFT_OPTIMIZATION_LEVEL = "-Onone";
			};
			name = Debug;
		};
		38BFFB511F0788EC00DCEBB3 /* Release */ = {
			isa = XCBuildConfiguration;
			buildSettings = {
				ALWAYS_SEARCH_USER_PATHS = NO;
				CLANG_ANALYZER_NONNULL = YES;
				CLANG_ANALYZER_NUMBER_OBJECT_CONVERSION = YES_AGGRESSIVE;
				CLANG_CXX_LANGUAGE_STANDARD = "gnu++0x";
				CLANG_CXX_LIBRARY = "libc++";
				CLANG_ENABLE_MODULES = YES;
				CLANG_ENABLE_OBJC_ARC = YES;
				CLANG_WARN_BOOL_CONVERSION = YES;
				CLANG_WARN_CONSTANT_CONVERSION = YES;
				CLANG_WARN_DIRECT_OBJC_ISA_USAGE = YES_ERROR;
				CLANG_WARN_DOCUMENTATION_COMMENTS = YES;
				CLANG_WARN_EMPTY_BODY = YES;
				CLANG_WARN_ENUM_CONVERSION = YES;
				CLANG_WARN_INFINITE_RECURSION = YES;
				CLANG_WARN_INT_CONVERSION = YES;
				CLANG_WARN_OBJC_ROOT_CLASS = YES_ERROR;
				CLANG_WARN_SUSPICIOUS_MOVE = YES;
				CLANG_WARN_UNREACHABLE_CODE = YES;
				CLANG_WARN__DUPLICATE_METHOD_MATCH = YES;
				CODE_SIGN_IDENTITY = "-";
				COPY_PHASE_STRIP = NO;
				DEBUG_INFORMATION_FORMAT = "dwarf-with-dsym";
				ENABLE_NS_ASSERTIONS = NO;
				ENABLE_STRICT_OBJC_MSGSEND = YES;
				GCC_C_LANGUAGE_STANDARD = gnu99;
				GCC_NO_COMMON_BLOCKS = YES;
				GCC_WARN_64_TO_32_BIT_CONVERSION = YES;
				GCC_WARN_ABOUT_RETURN_TYPE = YES_ERROR;
				GCC_WARN_UNDECLARED_SELECTOR = YES;
				GCC_WARN_UNINITIALIZED_AUTOS = YES_AGGRESSIVE;
				GCC_WARN_UNUSED_FUNCTION = YES;
				GCC_WARN_UNUSED_VARIABLE = YES;
				MACOSX_DEPLOYMENT_TARGET = 10.12;
				MTL_ENABLE_DEBUG_INFO = NO;
				SDKROOT = macosx;
				SWIFT_OPTIMIZATION_LEVEL = "-Owholemodule";
			};
			name = Release;
		};
		38BFFB531F0788EC00DCEBB3 /* Debug */ = {
			isa = XCBuildConfiguration;
			baseConfigurationReference = DF90EFA783235C299BF549D6 /* Pods-jmbde.debug.xcconfig */;
			buildSettings = {
				ASSETCATALOG_COMPILER_APPICON_NAME = AppIcon;
				COMBINE_HIDPI_IMAGES = YES;
				INFOPLIST_FILE = jmbde/Info.plist;
				LD_RUNPATH_SEARCH_PATHS = "$(inherited) @executable_path/../Frameworks";
				PRODUCT_BUNDLE_IDENTIFIER = de.juergenmuelbert.jmbde;
				PRODUCT_NAME = "$(TARGET_NAME)";
				SWIFT_VERSION = 3.0;
			};
			name = Debug;
		};
		38BFFB541F0788EC00DCEBB3 /* Release */ = {
			isa = XCBuildConfiguration;
			baseConfigurationReference = 93C925FC409E2AC2EF015C2C /* Pods-jmbde.release.xcconfig */;
			buildSettings = {
				ASSETCATALOG_COMPILER_APPICON_NAME = AppIcon;
				COMBINE_HIDPI_IMAGES = YES;
				INFOPLIST_FILE = jmbde/Info.plist;
				LD_RUNPATH_SEARCH_PATHS = "$(inherited) @executable_path/../Frameworks";
				PRODUCT_BUNDLE_IDENTIFIER = de.juergenmuelbert.jmbde;
				PRODUCT_NAME = "$(TARGET_NAME)";
				SWIFT_VERSION = 3.0;
			};
			name = Release;
		};
		38BFFB561F0788EC00DCEBB3 /* Debug */ = {
			isa = XCBuildConfiguration;
			baseConfigurationReference = 98E3AEE571DDD38CCA7118DA /* Pods-jmbdeTests.debug.xcconfig */;
			buildSettings = {
				ALWAYS_EMBED_SWIFT_STANDARD_LIBRARIES = YES;
				BUNDLE_LOADER = "$(TEST_HOST)";
				COMBINE_HIDPI_IMAGES = YES;
				INFOPLIST_FILE = jmbdeTests/Info.plist;
				LD_RUNPATH_SEARCH_PATHS = "$(inherited) @executable_path/../Frameworks @loader_path/../Frameworks";
				PRODUCT_BUNDLE_IDENTIFIER = de.juergenmuelbert.jmbdeTests;
				PRODUCT_NAME = "$(TARGET_NAME)";
				SWIFT_VERSION = 3.0;
				TEST_HOST = "$(BUILT_PRODUCTS_DIR)/jmbde.app/Contents/MacOS/jmbde";
			};
			name = Debug;
		};
		38BFFB571F0788EC00DCEBB3 /* Release */ = {
			isa = XCBuildConfiguration;
			baseConfigurationReference = 553B99D22CB83EF158FAC189 /* Pods-jmbdeTests.release.xcconfig */;
			buildSettings = {
				ALWAYS_EMBED_SWIFT_STANDARD_LIBRARIES = YES;
				BUNDLE_LOADER = "$(TEST_HOST)";
				COMBINE_HIDPI_IMAGES = YES;
				INFOPLIST_FILE = jmbdeTests/Info.plist;
				LD_RUNPATH_SEARCH_PATHS = "$(inherited) @executable_path/../Frameworks @loader_path/../Frameworks";
				PRODUCT_BUNDLE_IDENTIFIER = de.juergenmuelbert.jmbdeTests;
				PRODUCT_NAME = "$(TARGET_NAME)";
				SWIFT_VERSION = 3.0;
				TEST_HOST = "$(BUILT_PRODUCTS_DIR)/jmbde.app/Contents/MacOS/jmbde";
			};
			name = Release;
		};
		38BFFB591F0788EC00DCEBB3 /* Debug */ = {
			isa = XCBuildConfiguration;
			baseConfigurationReference = A56903DBBDC97E0D3426EE44 /* Pods-jmbdeUITests.debug.xcconfig */;
			buildSettings = {
				ALWAYS_EMBED_SWIFT_STANDARD_LIBRARIES = YES;
				COMBINE_HIDPI_IMAGES = YES;
				INFOPLIST_FILE = jmbdeUITests/Info.plist;
				LD_RUNPATH_SEARCH_PATHS = "$(inherited) @executable_path/../Frameworks @loader_path/../Frameworks";
				PRODUCT_BUNDLE_IDENTIFIER = de.juergenmuelbert.jmbdeUITests;
				PRODUCT_NAME = "$(TARGET_NAME)";
				SWIFT_VERSION = 3.0;
				TEST_TARGET_NAME = jmbde;
			};
			name = Debug;
		};
		38BFFB5A1F0788EC00DCEBB3 /* Release */ = {
			isa = XCBuildConfiguration;
			baseConfigurationReference = 3A568A6D2C8DBC1738DAA6CE /* Pods-jmbdeUITests.release.xcconfig */;
			buildSettings = {
				ALWAYS_EMBED_SWIFT_STANDARD_LIBRARIES = YES;
				COMBINE_HIDPI_IMAGES = YES;
				INFOPLIST_FILE = jmbdeUITests/Info.plist;
				LD_RUNPATH_SEARCH_PATHS = "$(inherited) @executable_path/../Frameworks @loader_path/../Frameworks";
				PRODUCT_BUNDLE_IDENTIFIER = de.juergenmuelbert.jmbdeUITests;
				PRODUCT_NAME = "$(TARGET_NAME)";
				SWIFT_VERSION = 3.0;
				TEST_TARGET_NAME = jmbde;
			};
			name = Release;
		};
/* End XCBuildConfiguration section */

/* Begin XCConfigurationList section */
		38BFFB251F0788EC00DCEBB3 /* Build configuration list for PBXProject "jmbde" */ = {
			isa = XCConfigurationList;
			buildConfigurations = (
				38BFFB501F0788EC00DCEBB3 /* Debug */,
				38BFFB511F0788EC00DCEBB3 /* Release */,
			);
			defaultConfigurationIsVisible = 0;
			defaultConfigurationName = Release;
		};
		38BFFB521F0788EC00DCEBB3 /* Build configuration list for PBXNativeTarget "jmbde" */ = {
			isa = XCConfigurationList;
			buildConfigurations = (
				38BFFB531F0788EC00DCEBB3 /* Debug */,
				38BFFB541F0788EC00DCEBB3 /* Release */,
			);
			defaultConfigurationIsVisible = 0;
			defaultConfigurationName = Release;
		};
		38BFFB551F0788EC00DCEBB3 /* Build configuration list for PBXNativeTarget "jmbdeTests" */ = {
			isa = XCConfigurationList;
			buildConfigurations = (
				38BFFB561F0788EC00DCEBB3 /* Debug */,
				38BFFB571F0788EC00DCEBB3 /* Release */,
			);
			defaultConfigurationIsVisible = 0;
			defaultConfigurationName = Release;
		};
		38BFFB581F0788EC00DCEBB3 /* Build configuration list for PBXNativeTarget "jmbdeUITests" */ = {
			isa = XCConfigurationList;
			buildConfigurations = (
				38BFFB591F0788EC00DCEBB3 /* Debug */,
				38BFFB5A1F0788EC00DCEBB3 /* Release */,
			);
			defaultConfigurationIsVisible = 0;
			defaultConfigurationName = Release;
		};
/* End XCConfigurationList section */

/* Begin XCVersionGroup section */
		3890F1DD1F0D70CD00A95C66 /* jmbdeModel.xcdatamodeld */ = {
			isa = XCVersionGroup;
			children = (
				3890F1DE1F0D70CD00A95C66 /* jmbdeModel.xcdatamodel */,
			);
			currentVersion = 3890F1DE1F0D70CD00A95C66 /* jmbdeModel.xcdatamodel */;
			path = jmbdeModel.xcdatamodeld;
			sourceTree = "<group>";
			versionGroupType = wrapper.xcdatamodel;
		};
/* End XCVersionGroup section */
	};
	rootObject = 38BFFB221F0788EC00DCEBB3 /* Project object */;
}
