// !$*UTF8*$!
{
	archiveVersion = 1;
	classes = {
	};
	objectVersion = 46;
	objects = {

/* Begin PBXBuildFile section */
		382AB4D51F1A3A8E0005563C /* EmployeeTableViewController.storyboard in Resources */ = {isa = PBXBuildFile; fileRef = 382AB4D41F1A3A8E0005563C /* EmployeeTableViewController.storyboard */; };
		382AB4D71F1A3BAD0005563C /* EmployeeTableViewController.swift in Sources */ = {isa = PBXBuildFile; fileRef = 382AB4D61F1A3BAD0005563C /* EmployeeTableViewController.swift */; };
		384A296B1F081E01006A5BA1 /* DatabaseController.swift in Sources */ = {isa = PBXBuildFile; fileRef = 384A296A1F081E01006A5BA1 /* DatabaseController.swift */; };
		3890F1DF1F0D70CD00A95C66 /* jmbdeModel.xcdatamodeld in Sources */ = {isa = PBXBuildFile; fileRef = 3890F1DD1F0D70CD00A95C66 /* jmbdeModel.xcdatamodeld */; };
		389C81E41F19490D00F11946 /* MasterViewController.swift in Sources */ = {isa = PBXBuildFile; fileRef = 389C81E31F19490D00F11946 /* MasterViewController.swift */; };
		389C81E71F1960F800F11946 /* Outine.swift in Sources */ = {isa = PBXBuildFile; fileRef = 389C81E61F1960F800F11946 /* Outine.swift */; };
		389C81EA1F196B7900F11946 /* SplitViewController.swift in Sources */ = {isa = PBXBuildFile; fileRef = 389C81E81F196B7900F11946 /* SplitViewController.swift */; };
		389C81EE1F196CF000F11946 /* DetailViewController.swift in Sources */ = {isa = PBXBuildFile; fileRef = 389C81EC1F196CF000F11946 /* DetailViewController.swift */; };
		38BFFB2E1F0788EC00DCEBB3 /* AppDelegate.swift in Sources */ = {isa = PBXBuildFile; fileRef = 38BFFB2D1F0788EC00DCEBB3 /* AppDelegate.swift */; };
		38BFFB351F0788EC00DCEBB3 /* Assets.xcassets in Resources */ = {isa = PBXBuildFile; fileRef = 38BFFB341F0788EC00DCEBB3 /* Assets.xcassets */; };
		38BFFB381F0788EC00DCEBB3 /* Main.storyboard in Resources */ = {isa = PBXBuildFile; fileRef = 38BFFB361F0788EC00DCEBB3 /* Main.storyboard */; };
		38BFFB431F0788EC00DCEBB3 /* jmbdeTests.swift in Sources */ = {isa = PBXBuildFile; fileRef = 38BFFB421F0788EC00DCEBB3 /* jmbdeTests.swift */; };
		38BFFB4E1F0788EC00DCEBB3 /* jmbdeUITests.swift in Sources */ = {isa = PBXBuildFile; fileRef = 38BFFB4D1F0788EC00DCEBB3 /* jmbdeUITests.swift */; };
/* End PBXBuildFile section */

/* Begin PBXContainerItemProxy section */
		38BFFB3F1F0788EC00DCEBB3 /* PBXContainerItemProxy */ = {
			isa = PBXContainerItemProxy;
			containerPortal = 38BFFB221F0788EC00DCEBB3 /* Project object */;
			proxyType = 1;
			remoteGlobalIDString = 38BFFB291F0788EC00DCEBB3;
			remoteInfo = jmbde;
		};
		38BFFB4A1F0788EC00DCEBB3 /* PBXContainerItemProxy */ = {
			isa = PBXContainerItemProxy;
			containerPortal = 38BFFB221F0788EC00DCEBB3 /* Project object */;
			proxyType = 1;
			remoteGlobalIDString = 38BFFB291F0788EC00DCEBB3;
			remoteInfo = jmbde;
		};
/* End PBXContainerItemProxy section */

/* Begin PBXFileReference section */
		382AB4D41F1A3A8E0005563C /* EmployeeTableViewController.storyboard */ = {isa = PBXFileReference; fileEncoding = 4; lastKnownFileType = file.storyboard; path = EmployeeTableViewController.storyboard; sourceTree = "<group>"; };
		382AB4D61F1A3BAD0005563C /* EmployeeTableViewController.swift */ = {isa = PBXFileReference; fileEncoding = 4; lastKnownFileType = sourcecode.swift; name = EmployeeTableViewController.swift; path = ../EmployeeTableViewController.swift; sourceTree = "<group>"; };
		384A296A1F081E01006A5BA1 /* DatabaseController.swift */ = {isa = PBXFileReference; fileEncoding = 4; lastKnownFileType = sourcecode.swift; path = DatabaseController.swift; sourceTree = "<group>"; };
		3890F1DE1F0D70CD00A95C66 /* jmbdeModel.xcdatamodel */ = {isa = PBXFileReference; lastKnownFileType = wrapper.xcdatamodel; path = jmbdeModel.xcdatamodel; sourceTree = "<group>"; };
		389C81E31F19490D00F11946 /* MasterViewController.swift */ = {isa = PBXFileReference; fileEncoding = 4; lastKnownFileType = sourcecode.swift; path = MasterViewController.swift; sourceTree = "<group>"; };
		389C81E61F1960F800F11946 /* Outine.swift */ = {isa = PBXFileReference; fileEncoding = 4; lastKnownFileType = sourcecode.swift; path = Outine.swift; sourceTree = "<group>"; };
		389C81E81F196B7900F11946 /* SplitViewController.swift */ = {isa = PBXFileReference; fileEncoding = 4; lastKnownFileType = sourcecode.swift; path = SplitViewController.swift; sourceTree = "<group>"; };
		389C81EC1F196CF000F11946 /* DetailViewController.swift */ = {isa = PBXFileReference; fileEncoding = 4; lastKnownFileType = sourcecode.swift; path = DetailViewController.swift; sourceTree = "<group>"; };
		38BFFB2A1F0788EC00DCEBB3 /* jmbde.app */ = {isa = PBXFileReference; explicitFileType = wrapper.application; includeInIndex = 0; path = jmbde.app; sourceTree = BUILT_PRODUCTS_DIR; };
		38BFFB2D1F0788EC00DCEBB3 /* AppDelegate.swift */ = {isa = PBXFileReference; lastKnownFileType = sourcecode.swift; path = AppDelegate.swift; sourceTree = "<group>"; };
		38BFFB341F0788EC00DCEBB3 /* Assets.xcassets */ = {isa = PBXFileReference; lastKnownFileType = folder.assetcatalog; path = Assets.xcassets; sourceTree = "<group>"; };
		38BFFB371F0788EC00DCEBB3 /* Base */ = {isa = PBXFileReference; lastKnownFileType = file.storyboard; name = Base; path = Base.lproj/Main.storyboard; sourceTree = "<group>"; };
		38BFFB391F0788EC00DCEBB3 /* Info.plist */ = {isa = PBXFileReference; lastKnownFileType = text.plist.xml; path = Info.plist; sourceTree = "<group>"; };
		38BFFB3E1F0788EC00DCEBB3 /* jmbdeTests.xctest */ = {isa = PBXFileReference; explicitFileType = wrapper.cfbundle; includeInIndex = 0; path = jmbdeTests.xctest; sourceTree = BUILT_PRODUCTS_DIR; };
		38BFFB421F0788EC00DCEBB3 /* jmbdeTests.swift */ = {isa = PBXFileReference; lastKnownFileType = sourcecode.swift; path = jmbdeTests.swift; sourceTree = "<group>"; };
		38BFFB441F0788EC00DCEBB3 /* Info.plist */ = {isa = PBXFileReference; lastKnownFileType = text.plist.xml; path = Info.plist; sourceTree = "<group>"; };
		38BFFB491F0788EC00DCEBB3 /* jmbdeUITests.xctest */ = {isa = PBXFileReference; explicitFileType = wrapper.cfbundle; includeInIndex = 0; path = jmbdeUITests.xctest; sourceTree = BUILT_PRODUCTS_DIR; };
		38BFFB4D1F0788EC00DCEBB3 /* jmbdeUITests.swift */ = {isa = PBXFileReference; lastKnownFileType = sourcecode.swift; path = jmbdeUITests.swift; sourceTree = "<group>"; };
		38BFFB4F1F0788EC00DCEBB3 /* Info.plist */ = {isa = PBXFileReference; lastKnownFileType = text.plist.xml; path = Info.plist; sourceTree = "<group>"; };
/* End PBXFileReference section */

/* Begin PBXFrameworksBuildPhase section */
		38BFFB271F0788EC00DCEBB3 /* Frameworks */ = {
			isa = PBXFrameworksBuildPhase;
			buildActionMask = 2147483647;
			files = (
			);
			runOnlyForDeploymentPostprocessing = 0;
		};
		38BFFB3B1F0788EC00DCEBB3 /* Frameworks */ = {
			isa = PBXFrameworksBuildPhase;
			buildActionMask = 2147483647;
			files = (
			);
			runOnlyForDeploymentPostprocessing = 0;
		};
		38BFFB461F0788EC00DCEBB3 /* Frameworks */ = {
			isa = PBXFrameworksBuildPhase;
			buildActionMask = 2147483647;
			files = (
			);
			runOnlyForDeploymentPostprocessing = 0;
		};
/* End PBXFrameworksBuildPhase section */

/* Begin PBXGroup section */
		3892248C1F08EBE9003E3C74 /* Model */ = {
			isa = PBXGroup;
			children = (
			);
			name = Model;
			sourceTree = "<group>";
		};
		389C81E51F194A0E00F11946 /* Application */ = {
			isa = PBXGroup;
			children = (
				389C81E31F19490D00F11946 /* MasterViewController.swift */,
				389C81E61F1960F800F11946 /* Outine.swift */,
				389C81E81F196B7900F11946 /* SplitViewController.swift */,
				389C81EC1F196CF000F11946 /* DetailViewController.swift */,
			);
			name = Application;
			sourceTree = "<group>";
		};
		38BFFB211F0788EC00DCEBB3 = {
			isa = PBXGroup;
			children = (
				38BFFB2C1F0788EC00DCEBB3 /* jmbde */,
				38BFFB411F0788EC00DCEBB3 /* jmbdeTests */,
				38BFFB4C1F0788EC00DCEBB3 /* jmbdeUITests */,
				38BFFB2B1F0788EC00DCEBB3 /* Products */,
			);
			sourceTree = "<group>";
		};
		38BFFB2B1F0788EC00DCEBB3 /* Products */ = {
			isa = PBXGroup;
			children = (
				38BFFB2A1F0788EC00DCEBB3 /* jmbde.app */,
				38BFFB3E1F0788EC00DCEBB3 /* jmbdeTests.xctest */,
				38BFFB491F0788EC00DCEBB3 /* jmbdeUITests.xctest */,
			);
			name = Products;
			sourceTree = "<group>";
		};
		38BFFB2C1F0788EC00DCEBB3 /* jmbde */ = {
			isa = PBXGroup;
			children = (
				389C81E51F194A0E00F11946 /* Application */,
				38BFFB2D1F0788EC00DCEBB3 /* AppDelegate.swift */,
				384A296A1F081E01006A5BA1 /* DatabaseController.swift */,
				38BFFB341F0788EC00DCEBB3 /* Assets.xcassets */,
				38BFFB361F0788EC00DCEBB3 /* Main.storyboard */,
				38BFFB391F0788EC00DCEBB3 /* Info.plist */,
				3892248C1F08EBE9003E3C74 /* Model */,
				3890F1DD1F0D70CD00A95C66 /* jmbdeModel.xcdatamodeld */,
				382AB4D41F1A3A8E0005563C /* EmployeeTableViewController.storyboard */,
				382AB4D61F1A3BAD0005563C /* EmployeeTableViewController.swift */,
			);
			path = jmbde;
			sourceTree = "<group>";
		};
		38BFFB411F0788EC00DCEBB3 /* jmbdeTests */ = {
			isa = PBXGroup;
			children = (
				38BFFB421F0788EC00DCEBB3 /* jmbdeTests.swift */,
				38BFFB441F0788EC00DCEBB3 /* Info.plist */,
			);
			path = jmbdeTests;
			sourceTree = "<group>";
		};
		38BFFB4C1F0788EC00DCEBB3 /* jmbdeUITests */ = {
			isa = PBXGroup;
			children = (
				38BFFB4D1F0788EC00DCEBB3 /* jmbdeUITests.swift */,
				38BFFB4F1F0788EC00DCEBB3 /* Info.plist */,
			);
			path = jmbdeUITests;
			sourceTree = "<group>";
		};
/* End PBXGroup section */

/* Begin PBXNativeTarget section */
		38BFFB291F0788EC00DCEBB3 /* jmbde */ = {
			isa = PBXNativeTarget;
			buildConfigurationList = 38BFFB521F0788EC00DCEBB3 /* Build configuration list for PBXNativeTarget "jmbde" */;
			buildPhases = (
				38BFFB261F0788EC00DCEBB3 /* Sources */,
				38BFFB271F0788EC00DCEBB3 /* Frameworks */,
				38BFFB281F0788EC00DCEBB3 /* Resources */,
			);
			buildRules = (
			);
			dependencies = (
			);
			name = jmbde;
			productName = jmbde;
			productReference = 38BFFB2A1F0788EC00DCEBB3 /* jmbde.app */;
			productType = "com.apple.product-type.application";
		};
		38BFFB3D1F0788EC00DCEBB3 /* jmbdeTests */ = {
			isa = PBXNativeTarget;
			buildConfigurationList = 38BFFB551F0788EC00DCEBB3 /* Build configuration list for PBXNativeTarget "jmbdeTests" */;
			buildPhases = (
				38BFFB3A1F0788EC00DCEBB3 /* Sources */,
				38BFFB3B1F0788EC00DCEBB3 /* Frameworks */,
				38BFFB3C1F0788EC00DCEBB3 /* Resources */,
			);
			buildRules = (
			);
			dependencies = (
				38BFFB401F0788EC00DCEBB3 /* PBXTargetDependency */,
			);
			name = jmbdeTests;
			productName = jmbdeTests;
			productReference = 38BFFB3E1F0788EC00DCEBB3 /* jmbdeTests.xctest */;
			productType = "com.apple.product-type.bundle.unit-test";
		};
		38BFFB481F0788EC00DCEBB3 /* jmbdeUITests */ = {
			isa = PBXNativeTarget;
			buildConfigurationList = 38BFFB581F0788EC00DCEBB3 /* Build configuration list for PBXNativeTarget "jmbdeUITests" */;
			buildPhases = (
				38BFFB451F0788EC00DCEBB3 /* Sources */,
				38BFFB461F0788EC00DCEBB3 /* Frameworks */,
				38BFFB471F0788EC00DCEBB3 /* Resources */,
			);
			buildRules = (
			);
			dependencies = (
				38BFFB4B1F0788EC00DCEBB3 /* PBXTargetDependency */,
			);
			name = jmbdeUITests;
			productName = jmbdeUITests;
			productReference = 38BFFB491F0788EC00DCEBB3 /* jmbdeUITests.xctest */;
			productType = "com.apple.product-type.bundle.ui-testing";
		};
/* End PBXNativeTarget section */

/* Begin PBXProject section */
		38BFFB221F0788EC00DCEBB3 /* Project object */ = {
			isa = PBXProject;
			attributes = {
				LastSwiftUpdateCheck = 0830;
				LastUpgradeCheck = 0830;
				ORGANIZATIONNAME = "Jürgen Mülbert";
				TargetAttributes = {
					38BFFB291F0788EC00DCEBB3 = {
						CreatedOnToolsVersion = 8.3.3;
						ProvisioningStyle = Automatic;
					};
					38BFFB3D1F0788EC00DCEBB3 = {
						CreatedOnToolsVersion = 8.3.3;
						ProvisioningStyle = Automatic;
						TestTargetID = 38BFFB291F0788EC00DCEBB3;
					};
					38BFFB481F0788EC00DCEBB3 = {
						CreatedOnToolsVersion = 8.3.3;
						ProvisioningStyle = Automatic;
						TestTargetID = 38BFFB291F0788EC00DCEBB3;
					};
				};
			};
			buildConfigurationList = 38BFFB251F0788EC00DCEBB3 /* Build configuration list for PBXProject "jmbde" */;
			compatibilityVersion = "Xcode 3.2";
			developmentRegion = English;
			hasScannedForEncodings = 0;
			knownRegions = (
				en,
				Base,
			);
			mainGroup = 38BFFB211F0788EC00DCEBB3;
			productRefGroup = 38BFFB2B1F0788EC00DCEBB3 /* Products */;
			projectDirPath = "";
			projectRoot = "";
			targets = (
				38BFFB291F0788EC00DCEBB3 /* jmbde */,
				38BFFB3D1F0788EC00DCEBB3 /* jmbdeTests */,
				38BFFB481F0788EC00DCEBB3 /* jmbdeUITests */,
			);
		};
/* End PBXProject section */

/* Begin PBXResourcesBuildPhase section */
		38BFFB281F0788EC00DCEBB3 /* Resources */ = {
			isa = PBXResourcesBuildPhase;
			buildActionMask = 2147483647;
			files = (
				38BFFB351F0788EC00DCEBB3 /* Assets.xcassets in Resources */,
				38BFFB381F0788EC00DCEBB3 /* Main.storyboard in Resources */,
				382AB4D51F1A3A8E0005563C /* EmployeeTableViewController.storyboard in Resources */,
			);
			runOnlyForDeploymentPostprocessing = 0;
		};
		38BFFB3C1F0788EC00DCEBB3 /* Resources */ = {
			isa = PBXResourcesBuildPhase;
			buildActionMask = 2147483647;
			files = (
			);
			runOnlyForDeploymentPostprocessing = 0;
		};
		38BFFB471F0788EC00DCEBB3 /* Resources */ = {
			isa = PBXResourcesBuildPhase;
			buildActionMask = 2147483647;
			files = (
			);
			runOnlyForDeploymentPostprocessing = 0;
		};
/* End PBXResourcesBuildPhase section */

/* Begin PBXSourcesBuildPhase section */
		38BFFB261F0788EC00DCEBB3 /* Sources */ = {
			isa = PBXSourcesBuildPhase;
			buildActionMask = 2147483647;
			files = (
				382AB4D71F1A3BAD0005563C /* EmployeeTableViewController.swift in Sources */,
				389C81EA1F196B7900F11946 /* SplitViewController.swift in Sources */,
				38BFFB2E1F0788EC00DCEBB3 /* AppDelegate.swift in Sources */,
				389C81E71F1960F800F11946 /* Outine.swift in Sources */,
				384A296B1F081E01006A5BA1 /* DatabaseController.swift in Sources */,
				389C81EE1F196CF000F11946 /* DetailViewController.swift in Sources */,
				3890F1DF1F0D70CD00A95C66 /* jmbdeModel.xcdatamodeld in Sources */,
				389C81E41F19490D00F11946 /* MasterViewController.swift in Sources */,
			);
			runOnlyForDeploymentPostprocessing = 0;
		};
		38BFFB3A1F0788EC00DCEBB3 /* Sources */ = {
			isa = PBXSourcesBuildPhase;
			buildActionMask = 2147483647;
			files = (
				38BFFB431F0788EC00DCEBB3 /* jmbdeTests.swift in Sources */,
			);
			runOnlyForDeploymentPostprocessing = 0;
		};
		38BFFB451F0788EC00DCEBB3 /* Sources */ = {
			isa = PBXSourcesBuildPhase;
			buildActionMask = 2147483647;
			files = (
				38BFFB4E1F0788EC00DCEBB3 /* jmbdeUITests.swift in Sources */,
			);
			runOnlyForDeploymentPostprocessing = 0;
		};
/* End PBXSourcesBuildPhase section */

/* Begin PBXTargetDependency section */
		38BFFB401F0788EC00DCEBB3 /* PBXTargetDependency */ = {
			isa = PBXTargetDependency;
			target = 38BFFB291F0788EC00DCEBB3 /* jmbde */;
			targetProxy = 38BFFB3F1F0788EC00DCEBB3 /* PBXContainerItemProxy */;
		};
		38BFFB4B1F0788EC00DCEBB3 /* PBXTargetDependency */ = {
			isa = PBXTargetDependency;
			target = 38BFFB291F0788EC00DCEBB3 /* jmbde */;
			targetProxy = 38BFFB4A1F0788EC00DCEBB3 /* PBXContainerItemProxy */;
		};
/* End PBXTargetDependency section */

/* Begin PBXVariantGroup section */
		38BFFB361F0788EC00DCEBB3 /* Main.storyboard */ = {
			isa = PBXVariantGroup;
			children = (
				38BFFB371F0788EC00DCEBB3 /* Base */,
			);
			name = Main.storyboard;
			sourceTree = "<group>";
		};
/* End PBXVariantGroup section */

/* Begin XCBuildConfiguration section */
		38BFFB501F0788EC00DCEBB3 /* Debug */ = {
			isa = XCBuildConfiguration;
			buildSettings = {
				ALWAYS_SEARCH_USER_PATHS = NO;
				CLANG_ANALYZER_NONNULL = YES;
				CLANG_ANALYZER_NUMBER_OBJECT_CONVERSION = YES_AGGRESSIVE;
				CLANG_CXX_LANGUAGE_STANDARD = "gnu++0x";
				CLANG_CXX_LIBRARY = "libc++";
				CLANG_ENABLE_MODULES = YES;
				CLANG_ENABLE_OBJC_ARC = YES;
				CLANG_WARN_BOOL_CONVERSION = YES;
				CLANG_WARN_CONSTANT_CONVERSION = YES;
				CLANG_WARN_DIRECT_OBJC_ISA_USAGE = YES_ERROR;
				CLANG_WARN_DOCUMENTATION_COMMENTS = YES;
				CLANG_WARN_EMPTY_BODY = YES;
				CLANG_WARN_ENUM_CONVERSION = YES;
				CLANG_WARN_INFINITE_RECURSION = YES;
				CLANG_WARN_INT_CONVERSION = YES;
				CLANG_WARN_OBJC_ROOT_CLASS = YES_ERROR;
				CLANG_WARN_SUSPICIOUS_MOVE = YES;
				CLANG_WARN_UNREACHABLE_CODE = YES;
				CLANG_WARN__DUPLICATE_METHOD_MATCH = YES;
				CODE_SIGN_IDENTITY = "-";
				COPY_PHASE_STRIP = NO;
				DEBUG_INFORMATION_FORMAT = dwarf;
				ENABLE_STRICT_OBJC_MSGSEND = YES;
				ENABLE_TESTABILITY = YES;
				GCC_C_LANGUAGE_STANDARD = gnu99;
				GCC_DYNAMIC_NO_PIC = NO;
				GCC_NO_COMMON_BLOCKS = YES;
				GCC_OPTIMIZATION_LEVEL = 0;
				GCC_PREPROCESSOR_DEFINITIONS = (
					"DEBUG=1",
					"$(inherited)",
				);
				GCC_WARN_64_TO_32_BIT_CONVERSION = YES;
				GCC_WARN_ABOUT_RETURN_TYPE = YES_ERROR;
				GCC_WARN_UNDECLARED_SELECTOR = YES;
				GCC_WARN_UNINITIALIZED_AUTOS = YES_AGGRESSIVE;
				GCC_WARN_UNUSED_FUNCTION = YES;
				GCC_WARN_UNUSED_VARIABLE = YES;
				MACOSX_DEPLOYMENT_TARGET = 10.12;
				MTL_ENABLE_DEBUG_INFO = YES;
				ONLY_ACTIVE_ARCH = YES;
				SDKROOT = macosx;
				SWIFT_ACTIVE_COMPILATION_CONDITIONS = DEBUG;
				SWIFT_OPTIMIZATION_LEVEL = "-Onone";
			};
			name = Debug;
		};
		38BFFB511F0788EC00DCEBB3 /* Release */ = {
			isa = XCBuildConfiguration;
			buildSettings = {
				ALWAYS_SEARCH_USER_PATHS = NO;
				CLANG_ANALYZER_NONNULL = YES;
				CLANG_ANALYZER_NUMBER_OBJECT_CONVERSION = YES_AGGRESSIVE;
				CLANG_CXX_LANGUAGE_STANDARD = "gnu++0x";
				CLANG_CXX_LIBRARY = "libc++";
				CLANG_ENABLE_MODULES = YES;
				CLANG_ENABLE_OBJC_ARC = YES;
				CLANG_WARN_BOOL_CONVERSION = YES;
				CLANG_WARN_CONSTANT_CONVERSION = YES;
				CLANG_WARN_DIRECT_OBJC_ISA_USAGE = YES_ERROR;
				CLANG_WARN_DOCUMENTATION_COMMENTS = YES;
				CLANG_WARN_EMPTY_BODY = YES;
				CLANG_WARN_ENUM_CONVERSION = YES;
				CLANG_WARN_INFINITE_RECURSION = YES;
				CLANG_WARN_INT_CONVERSION = YES;
				CLANG_WARN_OBJC_ROOT_CLASS = YES_ERROR;
				CLANG_WARN_SUSPICIOUS_MOVE = YES;
				CLANG_WARN_UNREACHABLE_CODE = YES;
				CLANG_WARN__DUPLICATE_METHOD_MATCH = YES;
				CODE_SIGN_IDENTITY = "-";
				COPY_PHASE_STRIP = NO;
				DEBUG_INFORMATION_FORMAT = "dwarf-with-dsym";
				ENABLE_NS_ASSERTIONS = NO;
				ENABLE_STRICT_OBJC_MSGSEND = YES;
				GCC_C_LANGUAGE_STANDARD = gnu99;
				GCC_NO_COMMON_BLOCKS = YES;
				GCC_WARN_64_TO_32_BIT_CONVERSION = YES;
				GCC_WARN_ABOUT_RETURN_TYPE = YES_ERROR;
				GCC_WARN_UNDECLARED_SELECTOR = YES;
				GCC_WARN_UNINITIALIZED_AUTOS = YES_AGGRESSIVE;
				GCC_WARN_UNUSED_FUNCTION = YES;
				GCC_WARN_UNUSED_VARIABLE = YES;
				MACOSX_DEPLOYMENT_TARGET = 10.12;
				MTL_ENABLE_DEBUG_INFO = NO;
				SDKROOT = macosx;
				SWIFT_OPTIMIZATION_LEVEL = "-Owholemodule";
			};
			name = Release;
		};
		38BFFB531F0788EC00DCEBB3 /* Debug */ = {
			isa = XCBuildConfiguration;
			buildSettings = {
				ASSETCATALOG_COMPILER_APPICON_NAME = AppIcon;
				COMBINE_HIDPI_IMAGES = YES;
				INFOPLIST_FILE = jmbde/Info.plist;
				LD_RUNPATH_SEARCH_PATHS = "$(inherited) @executable_path/../Frameworks";
				PRODUCT_BUNDLE_IDENTIFIER = de.juergenmuelbert.jmbde;
				PRODUCT_NAME = "$(TARGET_NAME)";
				SWIFT_VERSION = 3.0;
			};
			name = Debug;
		};
		38BFFB541F0788EC00DCEBB3 /* Release */ = {
			isa = XCBuildConfiguration;
			buildSettings = {
				ASSETCATALOG_COMPILER_APPICON_NAME = AppIcon;
				COMBINE_HIDPI_IMAGES = YES;
				INFOPLIST_FILE = jmbde/Info.plist;
				LD_RUNPATH_SEARCH_PATHS = "$(inherited) @executable_path/../Frameworks";
				PRODUCT_BUNDLE_IDENTIFIER = de.juergenmuelbert.jmbde;
				PRODUCT_NAME = "$(TARGET_NAME)";
				SWIFT_VERSION = 3.0;
			};
			name = Release;
		};
		38BFFB561F0788EC00DCEBB3 /* Debug */ = {
			isa = XCBuildConfiguration;
			buildSettings = {
				ALWAYS_EMBED_SWIFT_STANDARD_LIBRARIES = YES;
				BUNDLE_LOADER = "$(TEST_HOST)";
				COMBINE_HIDPI_IMAGES = YES;
				INFOPLIST_FILE = jmbdeTests/Info.plist;
				LD_RUNPATH_SEARCH_PATHS = "$(inherited) @executable_path/../Frameworks @loader_path/../Frameworks";
				PRODUCT_BUNDLE_IDENTIFIER = de.juergenmuelbert.jmbdeTests;
				PRODUCT_NAME = "$(TARGET_NAME)";
				SWIFT_VERSION = 3.0;
				TEST_HOST = "$(BUILT_PRODUCTS_DIR)/jmbde.app/Contents/MacOS/jmbde";
			};
			name = Debug;
		};
		38BFFB571F0788EC00DCEBB3 /* Release */ = {
			isa = XCBuildConfiguration;
			buildSettings = {
				ALWAYS_EMBED_SWIFT_STANDARD_LIBRARIES = YES;
				BUNDLE_LOADER = "$(TEST_HOST)";
				COMBINE_HIDPI_IMAGES = YES;
				INFOPLIST_FILE = jmbdeTests/Info.plist;
				LD_RUNPATH_SEARCH_PATHS = "$(inherited) @executable_path/../Frameworks @loader_path/../Frameworks";
				PRODUCT_BUNDLE_IDENTIFIER = de.juergenmuelbert.jmbdeTests;
				PRODUCT_NAME = "$(TARGET_NAME)";
				SWIFT_VERSION = 3.0;
				TEST_HOST = "$(BUILT_PRODUCTS_DIR)/jmbde.app/Contents/MacOS/jmbde";
			};
			name = Release;
		};
		38BFFB591F0788EC00DCEBB3 /* Debug */ = {
			isa = XCBuildConfiguration;
			buildSettings = {
				ALWAYS_EMBED_SWIFT_STANDARD_LIBRARIES = YES;
				COMBINE_HIDPI_IMAGES = YES;
				INFOPLIST_FILE = jmbdeUITests/Info.plist;
				LD_RUNPATH_SEARCH_PATHS = "$(inherited) @executable_path/../Frameworks @loader_path/../Frameworks";
				PRODUCT_BUNDLE_IDENTIFIER = de.juergenmuelbert.jmbdeUITests;
				PRODUCT_NAME = "$(TARGET_NAME)";
				SWIFT_VERSION = 3.0;
				TEST_TARGET_NAME = jmbde;
			};
			name = Debug;
		};
		38BFFB5A1F0788EC00DCEBB3 /* Release */ = {
			isa = XCBuildConfiguration;
			buildSettings = {
				ALWAYS_EMBED_SWIFT_STANDARD_LIBRARIES = YES;
				COMBINE_HIDPI_IMAGES = YES;
				INFOPLIST_FILE = jmbdeUITests/Info.plist;
				LD_RUNPATH_SEARCH_PATHS = "$(inherited) @executable_path/../Frameworks @loader_path/../Frameworks";
				PRODUCT_BUNDLE_IDENTIFIER = de.juergenmuelbert.jmbdeUITests;
				PRODUCT_NAME = "$(TARGET_NAME)";
				SWIFT_VERSION = 3.0;
				TEST_TARGET_NAME = jmbde;
			};
			name = Release;
		};
/* End XCBuildConfiguration section */

/* Begin XCConfigurationList section */
		38BFFB251F0788EC00DCEBB3 /* Build configuration list for PBXProject "jmbde" */ = {
			isa = XCConfigurationList;
			buildConfigurations = (
				38BFFB501F0788EC00DCEBB3 /* Debug */,
				38BFFB511F0788EC00DCEBB3 /* Release */,
			);
			defaultConfigurationIsVisible = 0;
			defaultConfigurationName = Release;
		};
		38BFFB521F0788EC00DCEBB3 /* Build configuration list for PBXNativeTarget "jmbde" */ = {
			isa = XCConfigurationList;
			buildConfigurations = (
				38BFFB531F0788EC00DCEBB3 /* Debug */,
				38BFFB541F0788EC00DCEBB3 /* Release */,
			);
			defaultConfigurationIsVisible = 0;
			defaultConfigurationName = Release;
		};
		38BFFB551F0788EC00DCEBB3 /* Build configuration list for PBXNativeTarget "jmbdeTests" */ = {
			isa = XCConfigurationList;
			buildConfigurations = (
				38BFFB561F0788EC00DCEBB3 /* Debug */,
				38BFFB571F0788EC00DCEBB3 /* Release */,
			);
			defaultConfigurationIsVisible = 0;
			defaultConfigurationName = Release;
		};
		38BFFB581F0788EC00DCEBB3 /* Build configuration list for PBXNativeTarget "jmbdeUITests" */ = {
			isa = XCConfigurationList;
			buildConfigurations = (
				38BFFB591F0788EC00DCEBB3 /* Debug */,
				38BFFB5A1F0788EC00DCEBB3 /* Release */,
			);
			defaultConfigurationIsVisible = 0;
			defaultConfigurationName = Release;
		};
/* End XCConfigurationList section */

/* Begin XCVersionGroup section */
		3890F1DD1F0D70CD00A95C66 /* jmbdeModel.xcdatamodeld */ = {
			isa = XCVersionGroup;
			children = (
				3890F1DE1F0D70CD00A95C66 /* jmbdeModel.xcdatamodel */,
			);
			currentVersion = 3890F1DE1F0D70CD00A95C66 /* jmbdeModel.xcdatamodel */;
			path = jmbdeModel.xcdatamodeld;
			sourceTree = "<group>";
			versionGroupType = wrapper.xcdatamodel;
		};
/* End XCVersionGroup section */
	};
	rootObject = 38BFFB221F0788EC00DCEBB3 /* Project object */;
}
