// !$*UTF8*$!
{
	archiveVersion = 1;
	classes = {
	};
	objectVersion = 50;
	objects = {

/* Begin PBXBuildFile section */
		0FB3E96E8E89672F5E62952D /* Pods_JMBdeUITests.framework in Frameworks */ = {isa = PBXBuildFile; fileRef = C8449428AB5F52A1D830DB68 /* Pods_JMBdeUITests.framework */; };
		383387A02126AE3700A2FF98 /* TODO in Resources */ = {isa = PBXBuildFile; fileRef = 383387942126AE3600A2FF98 /* TODO */; };
		383387A12126AE3700A2FF98 /* AUTHORS in Resources */ = {isa = PBXBuildFile; fileRef = 383387952126AE3600A2FF98 /* AUTHORS */; };
		383387A22126AE3700A2FF98 /* CONTRIBUTING.md in Resources */ = {isa = PBXBuildFile; fileRef = 383387962126AE3600A2FF98 /* CONTRIBUTING.md */; };
		383387A32126AE3700A2FF98 /* LICENSE.EUPL_1_2 in Resources */ = {isa = PBXBuildFile; fileRef = 383387972126AE3600A2FF98 /* LICENSE.EUPL_1_2 */; };
		383387A42126AE3700A2FF98 /* NEWS.md in Resources */ = {isa = PBXBuildFile; fileRef = 383387982126AE3600A2FF98 /* NEWS.md */; };
		383387A52126AE3700A2FF98 /* README.md in Resources */ = {isa = PBXBuildFile; fileRef = 383387992126AE3700A2FF98 /* README.md */; };
		383387A62126AE3700A2FF98 /* Cartfile in Resources */ = {isa = PBXBuildFile; fileRef = 3833879A2126AE3700A2FF98 /* Cartfile */; };
		383387A72126AE3700A2FF98 /* CHANGELOG.md in Resources */ = {isa = PBXBuildFile; fileRef = 3833879B2126AE3700A2FF98 /* CHANGELOG.md */; };
		383387A82126AE3700A2FF98 /* LICENSE in Resources */ = {isa = PBXBuildFile; fileRef = 3833879C2126AE3700A2FF98 /* LICENSE */; };
		383387A92126AE3700A2FF98 /* CODE_OF_CONDUCT.md in Resources */ = {isa = PBXBuildFile; fileRef = 3833879D2126AE3700A2FF98 /* CODE_OF_CONDUCT.md */; };
		383387AA2126AE3700A2FF98 /* CONTRIBUTORS in Resources */ = {isa = PBXBuildFile; fileRef = 3833879E2126AE3700A2FF98 /* CONTRIBUTORS */; };
		38700D8A21257CC20002FD60 /* AppDelegate.swift in Sources */ = {isa = PBXBuildFile; fileRef = 38700D8921257CC20002FD60 /* AppDelegate.swift */; };
		38700D9121257CC30002FD60 /* Assets.xcassets in Resources */ = {isa = PBXBuildFile; fileRef = 38700D9021257CC30002FD60 /* Assets.xcassets */; };
		38700D9421257CC30002FD60 /* Main.storyboard in Resources */ = {isa = PBXBuildFile; fileRef = 38700D9221257CC30002FD60 /* Main.storyboard */; };
		38700DA021257CC30002FD60 /* JMBdeTests.swift in Sources */ = {isa = PBXBuildFile; fileRef = 38700D9F21257CC30002FD60 /* JMBdeTests.swift */; };
		38700DAB21257CC30002FD60 /* JMBdeUITests.swift in Sources */ = {isa = PBXBuildFile; fileRef = 38700DAA21257CC30002FD60 /* JMBdeUITests.swift */; };
		38700DB92125996F0002FD60 /* DetailViewController.swift in Sources */ = {isa = PBXBuildFile; fileRef = 38700DB82125996F0002FD60 /* DetailViewController.swift */; };
		38700DBC2125997A0002FD60 /* JMBde.xcdatamodeld in Sources */ = {isa = PBXBuildFile; fileRef = 38700DBA2125997A0002FD60 /* JMBde.xcdatamodeld */; };
		38700DBE2125999B0002FD60 /* MasterViewController.swift in Sources */ = {isa = PBXBuildFile; fileRef = 38700DBD2125999B0002FD60 /* MasterViewController.swift */; };
		38700DC3212599AE0002FD60 /* OutlineItem.swift in Sources */ = {isa = PBXBuildFile; fileRef = 38700DBF212599AE0002FD60 /* OutlineItem.swift */; };
		38700DC4212599AE0002FD60 /* Outline.swift in Sources */ = {isa = PBXBuildFile; fileRef = 38700DC0212599AE0002FD60 /* Outline.swift */; };
		38700DC5212599AE0002FD60 /* OutlineList.plist in Resources */ = {isa = PBXBuildFile; fileRef = 38700DC1212599AE0002FD60 /* OutlineList.plist */; };
		38700DC6212599AE0002FD60 /* SplitViewController.swift in Sources */ = {isa = PBXBuildFile; fileRef = 38700DC2212599AE0002FD60 /* SplitViewController.swift */; };
		38700DCC2125A0750002FD60 /* EmployeeTableViewController.storyboard in Resources */ = {isa = PBXBuildFile; fileRef = 38700DCA2125A0750002FD60 /* EmployeeTableViewController.storyboard */; };
		38700DCE2125B2130002FD60 /* EmployeeTableViewController.swift in Sources */ = {isa = PBXBuildFile; fileRef = 38700DCD2125B2130002FD60 /* EmployeeTableViewController.swift */; };
		38700DD02125B2160002FD60 /* EmployeeAddViewController.swift in Sources */ = {isa = PBXBuildFile; fileRef = 38700DCF2125B2160002FD60 /* EmployeeAddViewController.swift */; };
		604ED3D8B01910F2238A6240 /* Pods_JMBde.framework in Frameworks */ = {isa = PBXBuildFile; fileRef = 14A7BC10F2E9BF108FA19C23 /* Pods_JMBde.framework */; };
		F7FA1330ABF996C937D18847 /* Pods_JMBdeTests.framework in Frameworks */ = {isa = PBXBuildFile; fileRef = 6D5029D27309821316987EB3 /* Pods_JMBdeTests.framework */; };
/* End PBXBuildFile section */

/* Begin PBXContainerItemProxy section */
		38700D9C21257CC30002FD60 /* PBXContainerItemProxy */ = {
			isa = PBXContainerItemProxy;
			containerPortal = 38700D7E21257CC20002FD60 /* Project object */;
			proxyType = 1;
			remoteGlobalIDString = 38700D8521257CC20002FD60;
			remoteInfo = JMBde;
		};
		38700DA721257CC30002FD60 /* PBXContainerItemProxy */ = {
			isa = PBXContainerItemProxy;
			containerPortal = 38700D7E21257CC20002FD60 /* Project object */;
			proxyType = 1;
			remoteGlobalIDString = 38700D8521257CC20002FD60;
			remoteInfo = JMBde;
		};
/* End PBXContainerItemProxy section */

/* Begin PBXFileReference section */
		14A7BC10F2E9BF108FA19C23 /* Pods_JMBde.framework */ = {isa = PBXFileReference; explicitFileType = wrapper.framework; includeInIndex = 0; path = Pods_JMBde.framework; sourceTree = BUILT_PRODUCTS_DIR; };
		23C9662D495A689BBC4BFEB9 /* Pods-JMBdeUITests.debug.xcconfig */ = {isa = PBXFileReference; includeInIndex = 1; lastKnownFileType = text.xcconfig; name = "Pods-JMBdeUITests.debug.xcconfig"; path = "Pods/Target Support Files/Pods-JMBdeUITests/Pods-JMBdeUITests.debug.xcconfig"; sourceTree = "<group>"; };
		383387942126AE3600A2FF98 /* TODO */ = {isa = PBXFileReference; fileEncoding = 4; lastKnownFileType = text; path = TODO; sourceTree = "<group>"; };
		383387952126AE3600A2FF98 /* AUTHORS */ = {isa = PBXFileReference; fileEncoding = 4; lastKnownFileType = text; path = AUTHORS; sourceTree = "<group>"; };
		383387962126AE3600A2FF98 /* CONTRIBUTING.md */ = {isa = PBXFileReference; fileEncoding = 4; lastKnownFileType = net.daringfireball.markdown; path = CONTRIBUTING.md; sourceTree = "<group>"; };
		383387972126AE3600A2FF98 /* LICENSE.EUPL_1_2 */ = {isa = PBXFileReference; fileEncoding = 4; lastKnownFileType = text; path = LICENSE.EUPL_1_2; sourceTree = "<group>"; };
		383387982126AE3600A2FF98 /* NEWS.md */ = {isa = PBXFileReference; fileEncoding = 4; lastKnownFileType = net.daringfireball.markdown; path = NEWS.md; sourceTree = "<group>"; };
		383387992126AE3700A2FF98 /* README.md */ = {isa = PBXFileReference; fileEncoding = 4; lastKnownFileType = net.daringfireball.markdown; path = README.md; sourceTree = "<group>"; };
		3833879A2126AE3700A2FF98 /* Cartfile */ = {isa = PBXFileReference; fileEncoding = 4; lastKnownFileType = text; path = Cartfile; sourceTree = "<group>"; };
		3833879B2126AE3700A2FF98 /* CHANGELOG.md */ = {isa = PBXFileReference; fileEncoding = 4; lastKnownFileType = net.daringfireball.markdown; path = CHANGELOG.md; sourceTree = "<group>"; };
		3833879C2126AE3700A2FF98 /* LICENSE */ = {isa = PBXFileReference; fileEncoding = 4; lastKnownFileType = text; path = LICENSE; sourceTree = "<group>"; };
		3833879D2126AE3700A2FF98 /* CODE_OF_CONDUCT.md */ = {isa = PBXFileReference; fileEncoding = 4; lastKnownFileType = net.daringfireball.markdown; path = CODE_OF_CONDUCT.md; sourceTree = "<group>"; };
		3833879E2126AE3700A2FF98 /* CONTRIBUTORS */ = {isa = PBXFileReference; fileEncoding = 4; lastKnownFileType = text; path = CONTRIBUTORS; sourceTree = "<group>"; };
		38700D8621257CC20002FD60 /* JMBde.app */ = {isa = PBXFileReference; explicitFileType = wrapper.application; includeInIndex = 0; path = JMBde.app; sourceTree = BUILT_PRODUCTS_DIR; };
		38700D8921257CC20002FD60 /* AppDelegate.swift */ = {isa = PBXFileReference; lastKnownFileType = sourcecode.swift; path = AppDelegate.swift; sourceTree = "<group>"; };
		38700D9021257CC30002FD60 /* Assets.xcassets */ = {isa = PBXFileReference; lastKnownFileType = folder.assetcatalog; path = Assets.xcassets; sourceTree = "<group>"; };
		38700D9321257CC30002FD60 /* Base */ = {isa = PBXFileReference; lastKnownFileType = file.storyboard; name = Base; path = Base.lproj/Main.storyboard; sourceTree = "<group>"; };
		38700D9521257CC30002FD60 /* Info.plist */ = {isa = PBXFileReference; lastKnownFileType = text.plist.xml; path = Info.plist; sourceTree = "<group>"; };
		38700D9621257CC30002FD60 /* JMBde.entitlements */ = {isa = PBXFileReference; lastKnownFileType = text.plist.entitlements; path = JMBde.entitlements; sourceTree = "<group>"; };
		38700D9B21257CC30002FD60 /* JMBdeTests.xctest */ = {isa = PBXFileReference; explicitFileType = wrapper.cfbundle; includeInIndex = 0; path = JMBdeTests.xctest; sourceTree = BUILT_PRODUCTS_DIR; };
		38700D9F21257CC30002FD60 /* JMBdeTests.swift */ = {isa = PBXFileReference; lastKnownFileType = sourcecode.swift; path = JMBdeTests.swift; sourceTree = "<group>"; };
		38700DA121257CC30002FD60 /* Info.plist */ = {isa = PBXFileReference; lastKnownFileType = text.plist.xml; path = Info.plist; sourceTree = "<group>"; };
		38700DA621257CC30002FD60 /* JMBdeUITests.xctest */ = {isa = PBXFileReference; explicitFileType = wrapper.cfbundle; includeInIndex = 0; path = JMBdeUITests.xctest; sourceTree = BUILT_PRODUCTS_DIR; };
		38700DAA21257CC30002FD60 /* JMBdeUITests.swift */ = {isa = PBXFileReference; lastKnownFileType = sourcecode.swift; path = JMBdeUITests.swift; sourceTree = "<group>"; };
		38700DAC21257CC30002FD60 /* Info.plist */ = {isa = PBXFileReference; lastKnownFileType = text.plist.xml; path = Info.plist; sourceTree = "<group>"; };
		38700DB82125996F0002FD60 /* DetailViewController.swift */ = {isa = PBXFileReference; fileEncoding = 4; lastKnownFileType = sourcecode.swift; path = DetailViewController.swift; sourceTree = "<group>"; };
		38700DBB2125997A0002FD60 /* JMBde.xcdatamodel */ = {isa = PBXFileReference; lastKnownFileType = wrapper.xcdatamodel; path = JMBde.xcdatamodel; sourceTree = "<group>"; };
		38700DBD2125999B0002FD60 /* MasterViewController.swift */ = {isa = PBXFileReference; fileEncoding = 4; lastKnownFileType = sourcecode.swift; path = MasterViewController.swift; sourceTree = "<group>"; };
		38700DBF212599AE0002FD60 /* OutlineItem.swift */ = {isa = PBXFileReference; fileEncoding = 4; lastKnownFileType = sourcecode.swift; path = OutlineItem.swift; sourceTree = "<group>"; };
		38700DC0212599AE0002FD60 /* Outline.swift */ = {isa = PBXFileReference; fileEncoding = 4; lastKnownFileType = sourcecode.swift; path = Outline.swift; sourceTree = "<group>"; };
		38700DC1212599AE0002FD60 /* OutlineList.plist */ = {isa = PBXFileReference; fileEncoding = 4; lastKnownFileType = text.plist.xml; path = OutlineList.plist; sourceTree = "<group>"; };
		38700DC2212599AE0002FD60 /* SplitViewController.swift */ = {isa = PBXFileReference; fileEncoding = 4; lastKnownFileType = sourcecode.swift; path = SplitViewController.swift; sourceTree = "<group>"; };
		38700DCB2125A0750002FD60 /* Base */ = {isa = PBXFileReference; lastKnownFileType = file.storyboard; name = Base; path = Base.lproj/EmployeeTableViewController.storyboard; sourceTree = "<group>"; };
		38700DCD2125B2130002FD60 /* EmployeeTableViewController.swift */ = {isa = PBXFileReference; lastKnownFileType = sourcecode.swift; path = EmployeeTableViewController.swift; sourceTree = "<group>"; };
		38700DCF2125B2160002FD60 /* EmployeeAddViewController.swift */ = {isa = PBXFileReference; lastKnownFileType = sourcecode.swift; path = EmployeeAddViewController.swift; sourceTree = "<group>"; };
		508D99BE44A0CBB93E945C55 /* Pods-JMBdeTests.debug.xcconfig */ = {isa = PBXFileReference; includeInIndex = 1; lastKnownFileType = text.xcconfig; name = "Pods-JMBdeTests.debug.xcconfig"; path = "Pods/Target Support Files/Pods-JMBdeTests/Pods-JMBdeTests.debug.xcconfig"; sourceTree = "<group>"; };
		6D5029D27309821316987EB3 /* Pods_JMBdeTests.framework */ = {isa = PBXFileReference; explicitFileType = wrapper.framework; includeInIndex = 0; path = Pods_JMBdeTests.framework; sourceTree = BUILT_PRODUCTS_DIR; };
		A8AD57762110B0A16F9C7199 /* Pods-JMBdeTests.release.xcconfig */ = {isa = PBXFileReference; includeInIndex = 1; lastKnownFileType = text.xcconfig; name = "Pods-JMBdeTests.release.xcconfig"; path = "Pods/Target Support Files/Pods-JMBdeTests/Pods-JMBdeTests.release.xcconfig"; sourceTree = "<group>"; };
		AE5818D42FC16BC79169E98E /* Pods-JMBde.debug.xcconfig */ = {isa = PBXFileReference; includeInIndex = 1; lastKnownFileType = text.xcconfig; name = "Pods-JMBde.debug.xcconfig"; path = "Pods/Target Support Files/Pods-JMBde/Pods-JMBde.debug.xcconfig"; sourceTree = "<group>"; };
		B26D5762B0907AC16862A09E /* Pods-JMBde.release.xcconfig */ = {isa = PBXFileReference; includeInIndex = 1; lastKnownFileType = text.xcconfig; name = "Pods-JMBde.release.xcconfig"; path = "Pods/Target Support Files/Pods-JMBde/Pods-JMBde.release.xcconfig"; sourceTree = "<group>"; };
		C1ADA1CF6CDD0672724B5413 /* Pods-JMBdeUITests.release.xcconfig */ = {isa = PBXFileReference; includeInIndex = 1; lastKnownFileType = text.xcconfig; name = "Pods-JMBdeUITests.release.xcconfig"; path = "Pods/Target Support Files/Pods-JMBdeUITests/Pods-JMBdeUITests.release.xcconfig"; sourceTree = "<group>"; };
		C8449428AB5F52A1D830DB68 /* Pods_JMBdeUITests.framework */ = {isa = PBXFileReference; explicitFileType = wrapper.framework; includeInIndex = 0; path = Pods_JMBdeUITests.framework; sourceTree = BUILT_PRODUCTS_DIR; };
/* End PBXFileReference section */

/* Begin PBXFrameworksBuildPhase section */
		38700D8321257CC20002FD60 /* Frameworks */ = {
			isa = PBXFrameworksBuildPhase;
			buildActionMask = 2147483647;
			files = (
				604ED3D8B01910F2238A6240 /* Pods_JMBde.framework in Frameworks */,
			);
			runOnlyForDeploymentPostprocessing = 0;
		};
		38700D9821257CC30002FD60 /* Frameworks */ = {
			isa = PBXFrameworksBuildPhase;
			buildActionMask = 2147483647;
			files = (
				F7FA1330ABF996C937D18847 /* Pods_JMBdeTests.framework in Frameworks */,
			);
			runOnlyForDeploymentPostprocessing = 0;
		};
		38700DA321257CC30002FD60 /* Frameworks */ = {
			isa = PBXFrameworksBuildPhase;
			buildActionMask = 2147483647;
			files = (
				0FB3E96E8E89672F5E62952D /* Pods_JMBdeUITests.framework in Frameworks */,
			);
			runOnlyForDeploymentPostprocessing = 0;
		};
/* End PBXFrameworksBuildPhase section */

/* Begin PBXGroup section */
		38700D7D21257CC20002FD60 = {
			isa = PBXGroup;
			children = (
				383387952126AE3600A2FF98 /* AUTHORS */,
				3833879A2126AE3700A2FF98 /* Cartfile */,
				3833879B2126AE3700A2FF98 /* CHANGELOG.md */,
				3833879D2126AE3700A2FF98 /* CODE_OF_CONDUCT.md */,
				383387962126AE3600A2FF98 /* CONTRIBUTING.md */,
				3833879E2126AE3700A2FF98 /* CONTRIBUTORS */,
				3833879C2126AE3700A2FF98 /* LICENSE */,
				383387972126AE3600A2FF98 /* LICENSE.EUPL_1_2 */,
				383387982126AE3600A2FF98 /* NEWS.md */,
				383387992126AE3700A2FF98 /* README.md */,
				383387942126AE3600A2FF98 /* TODO */,
				38700D8821257CC20002FD60 /* JMBde */,
				38700D9E21257CC30002FD60 /* JMBdeTests */,
				38700DA921257CC30002FD60 /* JMBdeUITests */,
				38700D8721257CC20002FD60 /* Products */,
				73CABB5B9CF3BFFC56906B23 /* Pods */,
				A780F026FBB393B4FDBA9203 /* Frameworks */,
			);
			sourceTree = "<group>";
		};
		38700D8721257CC20002FD60 /* Products */ = {
			isa = PBXGroup;
			children = (
				38700D8621257CC20002FD60 /* JMBde.app */,
				38700D9B21257CC30002FD60 /* JMBdeTests.xctest */,
				38700DA621257CC30002FD60 /* JMBdeUITests.xctest */,
			);
			name = Products;
			sourceTree = "<group>";
		};
		38700D8821257CC20002FD60 /* JMBde */ = {
			isa = PBXGroup;
			children = (
				38700DC0212599AE0002FD60 /* Outline.swift */,
				38700DBF212599AE0002FD60 /* OutlineItem.swift */,
				38700DC1212599AE0002FD60 /* OutlineList.plist */,
				38700DC2212599AE0002FD60 /* SplitViewController.swift */,
				38700DBD2125999B0002FD60 /* MasterViewController.swift */,
				38700DBA2125997A0002FD60 /* JMBde.xcdatamodeld */,
				38700DB82125996F0002FD60 /* DetailViewController.swift */,
				38700D8921257CC20002FD60 /* AppDelegate.swift */,
				38700D9021257CC30002FD60 /* Assets.xcassets */,
				38700D9221257CC30002FD60 /* Main.storyboard */,
				38700DCA2125A0750002FD60 /* EmployeeTableViewController.storyboard */,
				38700DCD2125B2130002FD60 /* EmployeeTableViewController.swift */,
				38700DCF2125B2160002FD60 /* EmployeeAddViewController.swift */,
				38700D9521257CC30002FD60 /* Info.plist */,
				38700D9621257CC30002FD60 /* JMBde.entitlements */,
			);
			path = JMBde;
			sourceTree = "<group>";
		};
		38700D9E21257CC30002FD60 /* JMBdeTests */ = {
			isa = PBXGroup;
			children = (
				38700D9F21257CC30002FD60 /* JMBdeTests.swift */,
				38700DA121257CC30002FD60 /* Info.plist */,
			);
			path = JMBdeTests;
			sourceTree = "<group>";
		};
		38700DA921257CC30002FD60 /* JMBdeUITests */ = {
			isa = PBXGroup;
			children = (
				38700DAA21257CC30002FD60 /* JMBdeUITests.swift */,
				38700DAC21257CC30002FD60 /* Info.plist */,
			);
			path = JMBdeUITests;
			sourceTree = "<group>";
		};
		73CABB5B9CF3BFFC56906B23 /* Pods */ = {
			isa = PBXGroup;
			children = (
				AE5818D42FC16BC79169E98E /* Pods-JMBde.debug.xcconfig */,
				B26D5762B0907AC16862A09E /* Pods-JMBde.release.xcconfig */,
				508D99BE44A0CBB93E945C55 /* Pods-JMBdeTests.debug.xcconfig */,
				A8AD57762110B0A16F9C7199 /* Pods-JMBdeTests.release.xcconfig */,
				23C9662D495A689BBC4BFEB9 /* Pods-JMBdeUITests.debug.xcconfig */,
				C1ADA1CF6CDD0672724B5413 /* Pods-JMBdeUITests.release.xcconfig */,
			);
			name = Pods;
			sourceTree = "<group>";
		};
		A780F026FBB393B4FDBA9203 /* Frameworks */ = {
			isa = PBXGroup;
			children = (
				14A7BC10F2E9BF108FA19C23 /* Pods_JMBde.framework */,
				6D5029D27309821316987EB3 /* Pods_JMBdeTests.framework */,
				C8449428AB5F52A1D830DB68 /* Pods_JMBdeUITests.framework */,
			);
			name = Frameworks;
			sourceTree = "<group>";
		};
/* End PBXGroup section */

/* Begin PBXNativeTarget section */
		38700D8521257CC20002FD60 /* JMBde */ = {
			isa = PBXNativeTarget;
			buildConfigurationList = 38700DAF21257CC30002FD60 /* Build configuration list for PBXNativeTarget "JMBde" */;
			buildPhases = (
				90EDEB5D808C59C36AF77C93 /* [CP] Check Pods Manifest.lock */,
				38700D8221257CC20002FD60 /* Sources */,
				38700D8321257CC20002FD60 /* Frameworks */,
				38700D8421257CC20002FD60 /* Resources */,
				9232DE83BEF990637C3F4C77 /* [CP] Embed Pods Frameworks */,
			);
			buildRules = (
			);
			dependencies = (
			);
			name = JMBde;
			productName = JMBde;
			productReference = 38700D8621257CC20002FD60 /* JMBde.app */;
			productType = "com.apple.product-type.application";
		};
		38700D9A21257CC30002FD60 /* JMBdeTests */ = {
			isa = PBXNativeTarget;
			buildConfigurationList = 38700DB221257CC30002FD60 /* Build configuration list for PBXNativeTarget "JMBdeTests" */;
			buildPhases = (
				1333EB7BCB5E6CEC564FDA95 /* [CP] Check Pods Manifest.lock */,
				38700D9721257CC30002FD60 /* Sources */,
				38700D9821257CC30002FD60 /* Frameworks */,
				38700D9921257CC30002FD60 /* Resources */,
			);
			buildRules = (
			);
			dependencies = (
				38700D9D21257CC30002FD60 /* PBXTargetDependency */,
			);
			name = JMBdeTests;
			productName = JMBdeTests;
			productReference = 38700D9B21257CC30002FD60 /* JMBdeTests.xctest */;
			productType = "com.apple.product-type.bundle.unit-test";
		};
		38700DA521257CC30002FD60 /* JMBdeUITests */ = {
			isa = PBXNativeTarget;
			buildConfigurationList = 38700DB521257CC30002FD60 /* Build configuration list for PBXNativeTarget "JMBdeUITests" */;
			buildPhases = (
				FBB785EB8591F0CB04C340D1 /* [CP] Check Pods Manifest.lock */,
				38700DA221257CC30002FD60 /* Sources */,
				38700DA321257CC30002FD60 /* Frameworks */,
				38700DA421257CC30002FD60 /* Resources */,
			);
			buildRules = (
			);
			dependencies = (
				38700DA821257CC30002FD60 /* PBXTargetDependency */,
			);
			name = JMBdeUITests;
			productName = JMBdeUITests;
			productReference = 38700DA621257CC30002FD60 /* JMBdeUITests.xctest */;
			productType = "com.apple.product-type.bundle.ui-testing";
		};
/* End PBXNativeTarget section */

/* Begin PBXProject section */
		38700D7E21257CC20002FD60 /* Project object */ = {
			isa = PBXProject;
			attributes = {
				LastSwiftUpdateCheck = 0940;
				LastUpgradeCheck = 0940;
				ORGANIZATIONNAME = "Jürgen Mülbert";
				TargetAttributes = {
					38700D8521257CC20002FD60 = {
						CreatedOnToolsVersion = 9.4.1;
					};
					38700D9A21257CC30002FD60 = {
						CreatedOnToolsVersion = 9.4.1;
						TestTargetID = 38700D8521257CC20002FD60;
					};
					38700DA521257CC30002FD60 = {
						CreatedOnToolsVersion = 9.4.1;
						TestTargetID = 38700D8521257CC20002FD60;
					};
				};
			};
			buildConfigurationList = 38700D8121257CC20002FD60 /* Build configuration list for PBXProject "JMBde" */;
			compatibilityVersion = "Xcode 9.3";
			developmentRegion = en;
			hasScannedForEncodings = 0;
			knownRegions = (
				en,
				Base,
			);
			mainGroup = 38700D7D21257CC20002FD60;
			productRefGroup = 38700D8721257CC20002FD60 /* Products */;
			projectDirPath = "";
			projectRoot = "";
			targets = (
				38700D8521257CC20002FD60 /* JMBde */,
				38700D9A21257CC30002FD60 /* JMBdeTests */,
				38700DA521257CC30002FD60 /* JMBdeUITests */,
			);
		};
/* End PBXProject section */

/* Begin PBXResourcesBuildPhase section */
		38700D8421257CC20002FD60 /* Resources */ = {
			isa = PBXResourcesBuildPhase;
			buildActionMask = 2147483647;
			files = (
				383387A12126AE3700A2FF98 /* AUTHORS in Resources */,
				383387A02126AE3700A2FF98 /* TODO in Resources */,
				383387A32126AE3700A2FF98 /* LICENSE.EUPL_1_2 in Resources */,
				38700D9121257CC30002FD60 /* Assets.xcassets in Resources */,
				38700D9421257CC30002FD60 /* Main.storyboard in Resources */,
				383387A62126AE3700A2FF98 /* Cartfile in Resources */,
				38700DC5212599AE0002FD60 /* OutlineList.plist in Resources */,
				383387A92126AE3700A2FF98 /* CODE_OF_CONDUCT.md in Resources */,
				383387A42126AE3700A2FF98 /* NEWS.md in Resources */,
				383387AA2126AE3700A2FF98 /* CONTRIBUTORS in Resources */,
				383387A72126AE3700A2FF98 /* CHANGELOG.md in Resources */,
				383387A82126AE3700A2FF98 /* LICENSE in Resources */,
				383387A22126AE3700A2FF98 /* CONTRIBUTING.md in Resources */,
				383387A52126AE3700A2FF98 /* README.md in Resources */,
				38700DCC2125A0750002FD60 /* EmployeeTableViewController.storyboard in Resources */,
			);
			runOnlyForDeploymentPostprocessing = 0;
		};
		38700D9921257CC30002FD60 /* Resources */ = {
			isa = PBXResourcesBuildPhase;
			buildActionMask = 2147483647;
			files = (
			);
			runOnlyForDeploymentPostprocessing = 0;
		};
		38700DA421257CC30002FD60 /* Resources */ = {
			isa = PBXResourcesBuildPhase;
			buildActionMask = 2147483647;
			files = (
			);
			runOnlyForDeploymentPostprocessing = 0;
		};
/* End PBXResourcesBuildPhase section */

/* Begin PBXShellScriptBuildPhase section */
		1333EB7BCB5E6CEC564FDA95 /* [CP] Check Pods Manifest.lock */ = {
			isa = PBXShellScriptBuildPhase;
			buildActionMask = 2147483647;
			files = (
			);
			inputPaths = (
				"${PODS_PODFILE_DIR_PATH}/Podfile.lock",
				"${PODS_ROOT}/Manifest.lock",
			);
			name = "[CP] Check Pods Manifest.lock";
			outputPaths = (
				"$(DERIVED_FILE_DIR)/Pods-JMBdeTests-checkManifestLockResult.txt",
			);
			runOnlyForDeploymentPostprocessing = 0;
			shellPath = /bin/sh;
			shellScript = "diff \"${PODS_PODFILE_DIR_PATH}/Podfile.lock\" \"${PODS_ROOT}/Manifest.lock\" > /dev/null\nif [ $? != 0 ] ; then\n    # print error to STDERR\n    echo \"error: The sandbox is not in sync with the Podfile.lock. Run 'pod install' or update your CocoaPods installation.\" >&2\n    exit 1\nfi\n# This output is used by Xcode 'outputs' to avoid re-running this script phase.\necho \"SUCCESS\" > \"${SCRIPT_OUTPUT_FILE_0}\"\n";
			showEnvVarsInLog = 0;
		};
		90EDEB5D808C59C36AF77C93 /* [CP] Check Pods Manifest.lock */ = {
			isa = PBXShellScriptBuildPhase;
			buildActionMask = 2147483647;
			files = (
			);
			inputPaths = (
				"${PODS_PODFILE_DIR_PATH}/Podfile.lock",
				"${PODS_ROOT}/Manifest.lock",
			);
			name = "[CP] Check Pods Manifest.lock";
			outputPaths = (
				"$(DERIVED_FILE_DIR)/Pods-JMBde-checkManifestLockResult.txt",
			);
			runOnlyForDeploymentPostprocessing = 0;
			shellPath = /bin/sh;
			shellScript = "diff \"${PODS_PODFILE_DIR_PATH}/Podfile.lock\" \"${PODS_ROOT}/Manifest.lock\" > /dev/null\nif [ $? != 0 ] ; then\n    # print error to STDERR\n    echo \"error: The sandbox is not in sync with the Podfile.lock. Run 'pod install' or update your CocoaPods installation.\" >&2\n    exit 1\nfi\n# This output is used by Xcode 'outputs' to avoid re-running this script phase.\necho \"SUCCESS\" > \"${SCRIPT_OUTPUT_FILE_0}\"\n";
			showEnvVarsInLog = 0;
		};
		9232DE83BEF990637C3F4C77 /* [CP] Embed Pods Frameworks */ = {
			isa = PBXShellScriptBuildPhase;
			buildActionMask = 2147483647;
			files = (
			);
			inputPaths = (
				"${SRCROOT}/Pods/Target Support Files/Pods-JMBde/Pods-JMBde-frameworks.sh",
				"${BUILT_PRODUCTS_DIR}/Commander/Commander.framework",
			);
			name = "[CP] Embed Pods Frameworks";
			outputPaths = (
				"${TARGET_BUILD_DIR}/${FRAMEWORKS_FOLDER_PATH}/Commander.framework",
			);
			runOnlyForDeploymentPostprocessing = 0;
			shellPath = /bin/sh;
			shellScript = "\"${SRCROOT}/Pods/Target Support Files/Pods-JMBde/Pods-JMBde-frameworks.sh\"\n";
			showEnvVarsInLog = 0;
		};
		FBB785EB8591F0CB04C340D1 /* [CP] Check Pods Manifest.lock */ = {
			isa = PBXShellScriptBuildPhase;
			buildActionMask = 2147483647;
			files = (
			);
			inputPaths = (
				"${PODS_PODFILE_DIR_PATH}/Podfile.lock",
				"${PODS_ROOT}/Manifest.lock",
			);
			name = "[CP] Check Pods Manifest.lock";
			outputPaths = (
				"$(DERIVED_FILE_DIR)/Pods-JMBdeUITests-checkManifestLockResult.txt",
			);
			runOnlyForDeploymentPostprocessing = 0;
			shellPath = /bin/sh;
			shellScript = "diff \"${PODS_PODFILE_DIR_PATH}/Podfile.lock\" \"${PODS_ROOT}/Manifest.lock\" > /dev/null\nif [ $? != 0 ] ; then\n    # print error to STDERR\n    echo \"error: The sandbox is not in sync with the Podfile.lock. Run 'pod install' or update your CocoaPods installation.\" >&2\n    exit 1\nfi\n# This output is used by Xcode 'outputs' to avoid re-running this script phase.\necho \"SUCCESS\" > \"${SCRIPT_OUTPUT_FILE_0}\"\n";
			showEnvVarsInLog = 0;
		};
/* End PBXShellScriptBuildPhase section */

/* Begin PBXSourcesBuildPhase section */
		38700D8221257CC20002FD60 /* Sources */ = {
			isa = PBXSourcesBuildPhase;
			buildActionMask = 2147483647;
			files = (
				38700DBE2125999B0002FD60 /* MasterViewController.swift in Sources */,
				38700DCE2125B2130002FD60 /* EmployeeTableViewController.swift in Sources */,
				38700DC6212599AE0002FD60 /* SplitViewController.swift in Sources */,
				38700DBC2125997A0002FD60 /* JMBde.xcdatamodeld in Sources */,
				38700DC4212599AE0002FD60 /* Outline.swift in Sources */,
				38700DB92125996F0002FD60 /* DetailViewController.swift in Sources */,
				38700DD02125B2160002FD60 /* EmployeeAddViewController.swift in Sources */,
				38700D8A21257CC20002FD60 /* AppDelegate.swift in Sources */,
				38700DC3212599AE0002FD60 /* OutlineItem.swift in Sources */,
			);
			runOnlyForDeploymentPostprocessing = 0;
		};
		38700D9721257CC30002FD60 /* Sources */ = {
			isa = PBXSourcesBuildPhase;
			buildActionMask = 2147483647;
			files = (
				38700DA021257CC30002FD60 /* JMBdeTests.swift in Sources */,
			);
			runOnlyForDeploymentPostprocessing = 0;
		};
		38700DA221257CC30002FD60 /* Sources */ = {
			isa = PBXSourcesBuildPhase;
			buildActionMask = 2147483647;
			files = (
				38700DAB21257CC30002FD60 /* JMBdeUITests.swift in Sources */,
			);
			runOnlyForDeploymentPostprocessing = 0;
		};
/* End PBXSourcesBuildPhase section */

/* Begin PBXTargetDependency section */
		38700D9D21257CC30002FD60 /* PBXTargetDependency */ = {
			isa = PBXTargetDependency;
			target = 38700D8521257CC20002FD60 /* JMBde */;
			targetProxy = 38700D9C21257CC30002FD60 /* PBXContainerItemProxy */;
		};
		38700DA821257CC30002FD60 /* PBXTargetDependency */ = {
			isa = PBXTargetDependency;
			target = 38700D8521257CC20002FD60 /* JMBde */;
			targetProxy = 38700DA721257CC30002FD60 /* PBXContainerItemProxy */;
		};
/* End PBXTargetDependency section */

/* Begin PBXVariantGroup section */
		38700D9221257CC30002FD60 /* Main.storyboard */ = {
			isa = PBXVariantGroup;
			children = (
				38700D9321257CC30002FD60 /* Base */,
			);
			name = Main.storyboard;
			sourceTree = "<group>";
		};
		38700DCA2125A0750002FD60 /* EmployeeTableViewController.storyboard */ = {
			isa = PBXVariantGroup;
			children = (
				38700DCB2125A0750002FD60 /* Base */,
			);
			name = EmployeeTableViewController.storyboard;
			sourceTree = "<group>";
		};
/* End PBXVariantGroup section */

/* Begin XCBuildConfiguration section */
		38700DAD21257CC30002FD60 /* Debug */ = {
			isa = XCBuildConfiguration;
			buildSettings = {
				ALWAYS_SEARCH_USER_PATHS = NO;
				CLANG_ANALYZER_NONNULL = YES;
				CLANG_ANALYZER_NUMBER_OBJECT_CONVERSION = YES_AGGRESSIVE;
				CLANG_CXX_LANGUAGE_STANDARD = "gnu++14";
				CLANG_CXX_LIBRARY = "libc++";
				CLANG_ENABLE_MODULES = YES;
				CLANG_ENABLE_OBJC_ARC = YES;
				CLANG_ENABLE_OBJC_WEAK = YES;
				CLANG_WARN_BLOCK_CAPTURE_AUTORELEASING = YES;
				CLANG_WARN_BOOL_CONVERSION = YES;
				CLANG_WARN_COMMA = YES;
				CLANG_WARN_CONSTANT_CONVERSION = YES;
				CLANG_WARN_DEPRECATED_OBJC_IMPLEMENTATIONS = YES;
				CLANG_WARN_DIRECT_OBJC_ISA_USAGE = YES_ERROR;
				CLANG_WARN_DOCUMENTATION_COMMENTS = YES;
				CLANG_WARN_EMPTY_BODY = YES;
				CLANG_WARN_ENUM_CONVERSION = YES;
				CLANG_WARN_INFINITE_RECURSION = YES;
				CLANG_WARN_INT_CONVERSION = YES;
				CLANG_WARN_NON_LITERAL_NULL_CONVERSION = YES;
				CLANG_WARN_OBJC_IMPLICIT_RETAIN_SELF = YES;
				CLANG_WARN_OBJC_LITERAL_CONVERSION = YES;
				CLANG_WARN_OBJC_ROOT_CLASS = YES_ERROR;
				CLANG_WARN_RANGE_LOOP_ANALYSIS = YES;
				CLANG_WARN_STRICT_PROTOTYPES = YES;
				CLANG_WARN_SUSPICIOUS_MOVE = YES;
				CLANG_WARN_UNGUARDED_AVAILABILITY = YES_AGGRESSIVE;
				CLANG_WARN_UNREACHABLE_CODE = YES;
				CLANG_WARN__DUPLICATE_METHOD_MATCH = YES;
				CODE_SIGN_IDENTITY = "-";
				COPY_PHASE_STRIP = NO;
				DEBUG_INFORMATION_FORMAT = dwarf;
				ENABLE_STRICT_OBJC_MSGSEND = YES;
				ENABLE_TESTABILITY = YES;
				GCC_C_LANGUAGE_STANDARD = gnu11;
				GCC_DYNAMIC_NO_PIC = NO;
				GCC_NO_COMMON_BLOCKS = YES;
				GCC_OPTIMIZATION_LEVEL = 0;
				GCC_PREPROCESSOR_DEFINITIONS = (
					"DEBUG=1",
					"$(inherited)",
				);
				GCC_WARN_64_TO_32_BIT_CONVERSION = YES;
				GCC_WARN_ABOUT_RETURN_TYPE = YES_ERROR;
				GCC_WARN_UNDECLARED_SELECTOR = YES;
				GCC_WARN_UNINITIALIZED_AUTOS = YES_AGGRESSIVE;
				GCC_WARN_UNUSED_FUNCTION = YES;
				GCC_WARN_UNUSED_VARIABLE = YES;
				MACOSX_DEPLOYMENT_TARGET = 10.13;
				MTL_ENABLE_DEBUG_INFO = YES;
				ONLY_ACTIVE_ARCH = YES;
				SDKROOT = macosx;
				SWIFT_ACTIVE_COMPILATION_CONDITIONS = DEBUG;
				SWIFT_OPTIMIZATION_LEVEL = "-Onone";
			};
			name = Debug;
		};
		38700DAE21257CC30002FD60 /* Release */ = {
			isa = XCBuildConfiguration;
			buildSettings = {
				ALWAYS_SEARCH_USER_PATHS = NO;
				CLANG_ANALYZER_NONNULL = YES;
				CLANG_ANALYZER_NUMBER_OBJECT_CONVERSION = YES_AGGRESSIVE;
				CLANG_CXX_LANGUAGE_STANDARD = "gnu++14";
				CLANG_CXX_LIBRARY = "libc++";
				CLANG_ENABLE_MODULES = YES;
				CLANG_ENABLE_OBJC_ARC = YES;
				CLANG_ENABLE_OBJC_WEAK = YES;
				CLANG_WARN_BLOCK_CAPTURE_AUTORELEASING = YES;
				CLANG_WARN_BOOL_CONVERSION = YES;
				CLANG_WARN_COMMA = YES;
				CLANG_WARN_CONSTANT_CONVERSION = YES;
				CLANG_WARN_DEPRECATED_OBJC_IMPLEMENTATIONS = YES;
				CLANG_WARN_DIRECT_OBJC_ISA_USAGE = YES_ERROR;
				CLANG_WARN_DOCUMENTATION_COMMENTS = YES;
				CLANG_WARN_EMPTY_BODY = YES;
				CLANG_WARN_ENUM_CONVERSION = YES;
				CLANG_WARN_INFINITE_RECURSION = YES;
				CLANG_WARN_INT_CONVERSION = YES;
				CLANG_WARN_NON_LITERAL_NULL_CONVERSION = YES;
				CLANG_WARN_OBJC_IMPLICIT_RETAIN_SELF = YES;
				CLANG_WARN_OBJC_LITERAL_CONVERSION = YES;
				CLANG_WARN_OBJC_ROOT_CLASS = YES_ERROR;
				CLANG_WARN_RANGE_LOOP_ANALYSIS = YES;
				CLANG_WARN_STRICT_PROTOTYPES = YES;
				CLANG_WARN_SUSPICIOUS_MOVE = YES;
				CLANG_WARN_UNGUARDED_AVAILABILITY = YES_AGGRESSIVE;
				CLANG_WARN_UNREACHABLE_CODE = YES;
				CLANG_WARN__DUPLICATE_METHOD_MATCH = YES;
				CODE_SIGN_IDENTITY = "-";
				COPY_PHASE_STRIP = NO;
				DEBUG_INFORMATION_FORMAT = "dwarf-with-dsym";
				ENABLE_NS_ASSERTIONS = NO;
				ENABLE_STRICT_OBJC_MSGSEND = YES;
				GCC_C_LANGUAGE_STANDARD = gnu11;
				GCC_NO_COMMON_BLOCKS = YES;
				GCC_WARN_64_TO_32_BIT_CONVERSION = YES;
				GCC_WARN_ABOUT_RETURN_TYPE = YES_ERROR;
				GCC_WARN_UNDECLARED_SELECTOR = YES;
				GCC_WARN_UNINITIALIZED_AUTOS = YES_AGGRESSIVE;
				GCC_WARN_UNUSED_FUNCTION = YES;
				GCC_WARN_UNUSED_VARIABLE = YES;
				MACOSX_DEPLOYMENT_TARGET = 10.13;
				MTL_ENABLE_DEBUG_INFO = NO;
				SDKROOT = macosx;
				SWIFT_COMPILATION_MODE = wholemodule;
				SWIFT_OPTIMIZATION_LEVEL = "-O";
			};
			name = Release;
		};
		38700DB021257CC30002FD60 /* Debug */ = {
			isa = XCBuildConfiguration;
			baseConfigurationReference = AE5818D42FC16BC79169E98E /* Pods-JMBde.debug.xcconfig */;
			buildSettings = {
				ASSETCATALOG_COMPILER_APPICON_NAME = AppIcon;
				CODE_SIGN_ENTITLEMENTS = JMBde/JMBde.entitlements;
				CODE_SIGN_STYLE = Automatic;
				COMBINE_HIDPI_IMAGES = YES;
				INFOPLIST_FILE = JMBde/Info.plist;
				LD_RUNPATH_SEARCH_PATHS = (
					"$(inherited)",
					"@executable_path/../Frameworks",
				);
				PRODUCT_BUNDLE_IDENTIFIER = "juergen-muelbert.de.JMBde";
				PRODUCT_NAME = "$(TARGET_NAME)";
				SWIFT_VERSION = 4.0;
			};
			name = Debug;
		};
		38700DB121257CC30002FD60 /* Release */ = {
			isa = XCBuildConfiguration;
			baseConfigurationReference = B26D5762B0907AC16862A09E /* Pods-JMBde.release.xcconfig */;
			buildSettings = {
				ASSETCATALOG_COMPILER_APPICON_NAME = AppIcon;
				CODE_SIGN_ENTITLEMENTS = JMBde/JMBde.entitlements;
				CODE_SIGN_STYLE = Automatic;
				COMBINE_HIDPI_IMAGES = YES;
				INFOPLIST_FILE = JMBde/Info.plist;
				LD_RUNPATH_SEARCH_PATHS = (
					"$(inherited)",
					"@executable_path/../Frameworks",
				);
				PRODUCT_BUNDLE_IDENTIFIER = "juergen-muelbert.de.JMBde";
				PRODUCT_NAME = "$(TARGET_NAME)";
				SWIFT_VERSION = 4.0;
			};
			name = Release;
		};
		38700DB321257CC30002FD60 /* Debug */ = {
			isa = XCBuildConfiguration;
			baseConfigurationReference = 508D99BE44A0CBB93E945C55 /* Pods-JMBdeTests.debug.xcconfig */;
			buildSettings = {
				ALWAYS_EMBED_SWIFT_STANDARD_LIBRARIES = YES;
				BUNDLE_LOADER = "$(TEST_HOST)";
				CODE_SIGN_STYLE = Automatic;
				COMBINE_HIDPI_IMAGES = YES;
				INFOPLIST_FILE = JMBdeTests/Info.plist;
				LD_RUNPATH_SEARCH_PATHS = (
					"$(inherited)",
					"@executable_path/../Frameworks",
					"@loader_path/../Frameworks",
				);
				PRODUCT_BUNDLE_IDENTIFIER = "juergen-muelbert.de.JMBdeTests";
				PRODUCT_NAME = "$(TARGET_NAME)";
				SWIFT_VERSION = 4.0;
				TEST_HOST = "$(BUILT_PRODUCTS_DIR)/JMBde.app/Contents/MacOS/JMBde";
			};
			name = Debug;
		};
		38700DB421257CC30002FD60 /* Release */ = {
			isa = XCBuildConfiguration;
			baseConfigurationReference = A8AD57762110B0A16F9C7199 /* Pods-JMBdeTests.release.xcconfig */;
			buildSettings = {
				ALWAYS_EMBED_SWIFT_STANDARD_LIBRARIES = YES;
				BUNDLE_LOADER = "$(TEST_HOST)";
				CODE_SIGN_STYLE = Automatic;
				COMBINE_HIDPI_IMAGES = YES;
				INFOPLIST_FILE = JMBdeTests/Info.plist;
				LD_RUNPATH_SEARCH_PATHS = (
					"$(inherited)",
					"@executable_path/../Frameworks",
					"@loader_path/../Frameworks",
				);
				PRODUCT_BUNDLE_IDENTIFIER = "juergen-muelbert.de.JMBdeTests";
				PRODUCT_NAME = "$(TARGET_NAME)";
				SWIFT_VERSION = 4.0;
				TEST_HOST = "$(BUILT_PRODUCTS_DIR)/JMBde.app/Contents/MacOS/JMBde";
			};
			name = Release;
		};
		38700DB621257CC30002FD60 /* Debug */ = {
			isa = XCBuildConfiguration;
			baseConfigurationReference = 23C9662D495A689BBC4BFEB9 /* Pods-JMBdeUITests.debug.xcconfig */;
			buildSettings = {
				ALWAYS_EMBED_SWIFT_STANDARD_LIBRARIES = YES;
				CODE_SIGN_STYLE = Automatic;
				COMBINE_HIDPI_IMAGES = YES;
				INFOPLIST_FILE = JMBdeUITests/Info.plist;
				LD_RUNPATH_SEARCH_PATHS = (
					"$(inherited)",
					"@executable_path/../Frameworks",
					"@loader_path/../Frameworks",
				);
				PRODUCT_BUNDLE_IDENTIFIER = "juergen-muelbert.de.JMBdeUITests";
				PRODUCT_NAME = "$(TARGET_NAME)";
				SWIFT_VERSION = 4.0;
				TEST_TARGET_NAME = JMBde;
			};
			name = Debug;
		};
		38700DB721257CC30002FD60 /* Release */ = {
			isa = XCBuildConfiguration;
			baseConfigurationReference = C1ADA1CF6CDD0672724B5413 /* Pods-JMBdeUITests.release.xcconfig */;
			buildSettings = {
				ALWAYS_EMBED_SWIFT_STANDARD_LIBRARIES = YES;
				CODE_SIGN_STYLE = Automatic;
				COMBINE_HIDPI_IMAGES = YES;
				INFOPLIST_FILE = JMBdeUITests/Info.plist;
				LD_RUNPATH_SEARCH_PATHS = (
					"$(inherited)",
					"@executable_path/../Frameworks",
					"@loader_path/../Frameworks",
				);
				PRODUCT_BUNDLE_IDENTIFIER = "juergen-muelbert.de.JMBdeUITests";
				PRODUCT_NAME = "$(TARGET_NAME)";
				SWIFT_VERSION = 4.0;
				TEST_TARGET_NAME = JMBde;
			};
			name = Release;
		};
/* End XCBuildConfiguration section */

/* Begin XCConfigurationList section */
		38700D8121257CC20002FD60 /* Build configuration list for PBXProject "JMBde" */ = {
			isa = XCConfigurationList;
			buildConfigurations = (
				38700DAD21257CC30002FD60 /* Debug */,
				38700DAE21257CC30002FD60 /* Release */,
			);
			defaultConfigurationIsVisible = 0;
			defaultConfigurationName = Release;
		};
		38700DAF21257CC30002FD60 /* Build configuration list for PBXNativeTarget "JMBde" */ = {
			isa = XCConfigurationList;
			buildConfigurations = (
				38700DB021257CC30002FD60 /* Debug */,
				38700DB121257CC30002FD60 /* Release */,
			);
			defaultConfigurationIsVisible = 0;
			defaultConfigurationName = Release;
		};
		38700DB221257CC30002FD60 /* Build configuration list for PBXNativeTarget "JMBdeTests" */ = {
			isa = XCConfigurationList;
			buildConfigurations = (
				38700DB321257CC30002FD60 /* Debug */,
				38700DB421257CC30002FD60 /* Release */,
			);
			defaultConfigurationIsVisible = 0;
			defaultConfigurationName = Release;
		};
		38700DB521257CC30002FD60 /* Build configuration list for PBXNativeTarget "JMBdeUITests" */ = {
			isa = XCConfigurationList;
			buildConfigurations = (
				38700DB621257CC30002FD60 /* Debug */,
				38700DB721257CC30002FD60 /* Release */,
			);
			defaultConfigurationIsVisible = 0;
			defaultConfigurationName = Release;
		};
/* End XCConfigurationList section */

/* Begin XCVersionGroup section */
		38700DBA2125997A0002FD60 /* JMBde.xcdatamodeld */ = {
			isa = XCVersionGroup;
			children = (
				38700DBB2125997A0002FD60 /* JMBde.xcdatamodel */,
			);
			currentVersion = 38700DBB2125997A0002FD60 /* JMBde.xcdatamodel */;
			path = JMBde.xcdatamodeld;
			sourceTree = "<group>";
			versionGroupType = wrapper.xcdatamodel;
		};
/* End XCVersionGroup section */
	};
	rootObject = 38700D7E21257CC20002FD60 /* Project object */;
}
