PODS:
  - AppCenter (1.11.0):
    - AppCenter/Analytics (= 1.11.0)
    - AppCenter/Crashes (= 1.11.0)
  - AppCenter/Analytics (1.11.0):
    - AppCenter/Core
  - AppCenter/Core (1.11.0)
  - AppCenter/Crashes (1.11.0):
    - AppCenter/Core
  - Commander (0.8.0)
  - SwiftGen (6.0.2)
  - SwiftLint (0.29.1)

DEPENDENCIES:
  - AppCenter
  - AppCenter/Analytics
  - AppCenter/Crashes
  - Commander (~> 0.8)
  - SwiftGen (~> 6.0.2)
  - SwiftLint

SPEC REPOS:
  https://github.com/cocoapods/specs.git:
    - AppCenter
    - Commander
    - SwiftGen
    - SwiftLint

SPEC CHECKSUMS:
  AppCenter: 3bccf8d733e337d0db574dd4cb0e33ab9637b7f2
  Commander: 6eda7635b133e239faa85bf75dcab88d6fd63aaa
  SwiftGen: e5b047067aa84082826a0c4f1c4c2ddc95bcf74c
  SwiftLint: 6772320e40b52049053a518c17db9b0634a0b45a

PODFILE CHECKSUM: 224f05252f7931df2bede45e643cb0b1f0cac354

COCOAPODS: 1.5.3
